<?xml version="1.0" encoding="utf-8"?>
<Project ToolsVersion="4.0" xmlns="http://schemas.microsoft.com/developer/msbuild/2003">
  <ItemGroup>
    <Filter Include="Source Files">
      <UniqueIdentifier>{3d3cd6a5-9239-4aed-854c-0f69f1849c94}</UniqueIdentifier>
      <Extensions>cpp;c;cxx;rc;def;r;odl;idl;hpj;bat</Extensions>
    </Filter>
    <Filter Include="Header Files">
      <UniqueIdentifier>{67b9cca1-254f-4c71-8e70-45a02f10d9b0}</UniqueIdentifier>
      <Extensions>h;hpp;hxx;hm;inl</Extensions>
    </Filter>
  </ItemGroup>
  <ItemGroup>
    <ClCompile Include="LDHtmlInventory.cpp">
      <Filter>Source Files</Filter>
    </ClCompile>
    <ClCompile Include="LDInputHandler.cpp">
      <Filter>Source Files</Filter>
    </ClCompile>
    <ClCompile Include="LDLibraryUpdateInfo.cpp">
      <Filter>Source Files</Filter>
    </ClCompile>
    <ClCompile Include="LDLibraryUpdater.cpp">
      <Filter>Source Files</Filter>
    </ClCompile>
    <ClCompile Include="LDModelParser.cpp">
      <Filter>Source Files</Filter>
    </ClCompile>
    <ClCompile Include="LDModelTree.cpp">
      <Filter>Source Files</Filter>
    </ClCompile>
    <ClCompile Include="LDObiInfo.cpp">
      <Filter>Source Files</Filter>
    </ClCompile>
    <ClCompile Include="LDPartCount.cpp">
      <Filter>Source Files</Filter>
    </ClCompile>
    <ClCompile Include="LDPartsList.cpp">
      <Filter>Source Files</Filter>
    </ClCompile>
    <ClCompile Include="LDPreferences.cpp">
      <Filter>Source Files</Filter>
    </ClCompile>
    <ClCompile Include="LDrawModelViewer.cpp">
      <Filter>Source Files</Filter>
    </ClCompile>
    <ClCompile Include="LDSnapshotTaker.cpp">
      <Filter>Source Files</Filter>
    </ClCompile>
    <ClCompile Include="LDViewPoint.cpp">
      <Filter>Source Files</Filter>
    </ClCompile>
  </ItemGroup>
  <ItemGroup>
    <ClInclude Include="LDHtmlInventory.h">
      <Filter>Header Files</Filter>
    </ClInclude>
    <ClInclude Include="LDInputHandler.h">
      <Filter>Header Files</Filter>
    </ClInclude>
    <ClInclude Include="LDLibraryUpdateInfo.h">
      <Filter>Header Files</Filter>
    </ClInclude>
    <ClInclude Include="LDLibraryUpdater.h">
      <Filter>Header Files</Filter>
    </ClInclude>
    <ClInclude Include="LDModelParser.h">
      <Filter>Header Files</Filter>
    </ClInclude>
    <ClInclude Include="LDModelTree.h">
      <Filter>Header Files</Filter>
    </ClInclude>
    <ClInclude Include="LDObiInfo.h">
      <Filter>Header Files</Filter>
    </ClInclude>
    <ClInclude Include="LDPartCount.h">
      <Filter>Header Files</Filter>
    </ClInclude>
    <ClInclude Include="LDPartsList.h">
      <Filter>Header Files</Filter>
    </ClInclude>
    <ClInclude Include="LDPreferences.h">
      <Filter>Header Files</Filter>
    </ClInclude>
    <ClInclude Include="LDrawModelViewer.h">
      <Filter>Header Files</Filter>
    </ClInclude>
    <ClInclude Include="LDSnapshotTaker.h">
      <Filter>Header Files</Filter>
    </ClInclude>
    <ClInclude Include="LDUserDefaultsKeys.h">
      <Filter>Header Files</Filter>
    </ClInclude>
    <ClInclude Include="LDViewPoint.h">
      <Filter>Header Files</Filter>
    </ClInclude>
  </ItemGroup>
</Project>