
Microsoft Visual Studio Solution File, Format Version 10.00
# Visual C++ Express 2008
Project("{8BC9CEB8-8B4A-11D0-8D11-00A0C91BC942}") = "CUI", "CUI\CUI.vcproj", "{37143396-D8F0-42BF-BDD9-BB9812F71814}"
	ProjectSection(ProjectDependencies) = postProject
		{29CAFA41-FC7A-4DF3-BC68-6E73B5308E26} = {29CAFA41-FC7A-4DF3-BC68-6E73B5308E26}
	EndProjectSection
EndProject
Project("{8BC9CEB8-8B4A-11D0-8D11-00A0C91BC942}") = "LDLib", "LDLib\LDLib.vcproj", "{1A43372B-2255-4A11-BB31-EF0C2473BB10}"
	ProjectSection(ProjectDependencies) = postProject
		{3E28D374-AA9A-4B02-A865-8C369EC4FA1F} = {3E28D374-AA9A-4B02-A865-8C369EC4FA1F}
		{AF6422A6-7787-48C7-AF33-E7F76EF1E82A} = {AF6422A6-7787-48C7-AF33-E7F76EF1E82A}
	EndProjectSection
EndProject
Project("{8BC9CEB8-8B4A-11D0-8D11-00A0C91BC942}") = "LDLoader", "LDLoader\LDLoader.vcproj", "{AF6422A6-7787-48C7-AF33-E7F76EF1E82A}"
	ProjectSection(ProjectDependencies) = postProject
		{29CAFA41-FC7A-4DF3-BC68-6E73B5308E26} = {29CAFA41-FC7A-4DF3-BC68-6E73B5308E26}
	EndProjectSection
EndProject
Project("{8BC9CEB8-8B4A-11D0-8D11-00A0C91BC942}") = "LDView", "LDView.vcproj", "{80775A55-FFF9-44F4-9B00-A911D030945C}"
	ProjectSection(ProjectDependencies) = postProject
		{1A43372B-2255-4A11-BB31-EF0C2473BB10} = {1A43372B-2255-4A11-BB31-EF0C2473BB10}
		{29CAFA41-FC7A-4DF3-BC68-6E73B5308E26} = {29CAFA41-FC7A-4DF3-BC68-6E73B5308E26}
		{3E28D374-AA9A-4B02-A865-8C369EC4FA1F} = {3E28D374-AA9A-4B02-A865-8C369EC4FA1F}
		{AF6422A6-7787-48C7-AF33-E7F76EF1E82A} = {AF6422A6-7787-48C7-AF33-E7F76EF1E82A}
		{37143396-D8F0-42BF-BDD9-BB9812F71814} = {37143396-D8F0-42BF-BDD9-BB9812F71814}
	EndProjectSection
EndProject
Project("{8BC9CEB8-8B4A-11D0-8D11-00A0C91BC942}") = "TCFoundation", "TCFoundation\TCFoundation.vcproj", "{29CAFA41-FC7A-4DF3-BC68-6E73B5308E26}"
EndProject
Project("{8BC9CEB8-8B4A-11D0-8D11-00A0C91BC942}") = "TRE", "TRE\TRE.vcproj", "{3E28D374-AA9A-4B02-A865-8C369EC4FA1F}"
	ProjectSection(ProjectDependencies) = postProject
		{29CAFA41-FC7A-4DF3-BC68-6E73B5308E26} = {29CAFA41-FC7A-4DF3-BC68-6E73B5308E26}
	EndProjectSection
EndProject
Project("{8BC9CEB8-8B4A-11D0-8D11-00A0C91BC942}") = "UnMirrorStuds", "UnMirrorStuds\UnMirrorStuds.vcproj", "{B55F1717-EB83-4C1E-8CB7-B9E847070AA5}"
	ProjectSection(ProjectDependencies) = postProject
		{AF6422A6-7787-48C7-AF33-E7F76EF1E82A} = {AF6422A6-7787-48C7-AF33-E7F76EF1E82A}
	EndProjectSection
EndProject
Project("{8BC9CEB8-8B4A-11D0-8D11-00A0C91BC942}") = "LDViewThumbs", "LDViewThumbs\LDViewThumbs.vcproj", "{39981559-7DDE-4F6C-A3E3-AB5F7D8FA99F}"
	ProjectSection(ProjectDependencies) = postProject
		{29CAFA41-FC7A-4DF3-BC68-6E73B5308E26} = {29CAFA41-FC7A-4DF3-BC68-6E73B5308E26}
	EndProjectSection
EndProject
Project("{8BC9CEB8-8B4A-11D0-8D11-00A0C91BC942}") = "Launcher", "Launcher\Launcher.vcproj", "{BF98540E-AF21-49EA-9C6D-2A9ABA97E933}"
EndProject
Global
	GlobalSection(SolutionConfigurationPlatforms) = preSolution
		Debug ANSI|Win32 = Debug ANSI|Win32
		Debug|Win32 = Debug|Win32
		DebugNoBoost|Win32 = DebugNoBoost|Win32
		PartialDebug|Win32 = PartialDebug|Win32
		Release ANSI|Win32 = Release ANSI|Win32
		Release|Win32 = Release|Win32
	EndGlobalSection
	GlobalSection(ProjectConfigurationPlatforms) = postSolution
		{37143396-D8F0-42BF-BDD9-BB9812F71814}.Debug ANSI|Win32.ActiveCfg = Debug ANSI|Win32
		{37143396-D8F0-42BF-BDD9-BB9812F71814}.Debug ANSI|Win32.Build.0 = Debug ANSI|Win32
		{37143396-D8F0-42BF-BDD9-BB9812F71814}.Debug|Win32.ActiveCfg = Debug|Win32
		{37143396-D8F0-42BF-BDD9-BB9812F71814}.Debug|Win32.Build.0 = Debug|Win32
		{37143396-D8F0-42BF-BDD9-BB9812F71814}.DebugNoBoost|Win32.ActiveCfg = DebugNoBoost|Win32
		{37143396-D8F0-42BF-BDD9-BB9812F71814}.DebugNoBoost|Win32.Build.0 = DebugNoBoost|Win32
		{37143396-D8F0-42BF-BDD9-BB9812F71814}.PartialDebug|Win32.ActiveCfg = Debug|Win32
		{37143396-D8F0-42BF-BDD9-BB9812F71814}.PartialDebug|Win32.Build.0 = Debug|Win32
		{37143396-D8F0-42BF-BDD9-BB9812F71814}.Release ANSI|Win32.ActiveCfg = Release ANSI|Win32
		{37143396-D8F0-42BF-BDD9-BB9812F71814}.Release ANSI|Win32.Build.0 = Release ANSI|Win32
		{37143396-D8F0-42BF-BDD9-BB9812F71814}.Release|Win32.ActiveCfg = Release|Win32
		{37143396-D8F0-42BF-BDD9-BB9812F71814}.Release|Win32.Build.0 = Release|Win32
		{1A43372B-2255-4A11-BB31-EF0C2473BB10}.Debug ANSI|Win32.ActiveCfg = Debug ANSI|Win32
		{1A43372B-2255-4A11-BB31-EF0C2473BB10}.Debug ANSI|Win32.Build.0 = Debug ANSI|Win32
		{1A43372B-2255-4A11-BB31-EF0C2473BB10}.Debug|Win32.ActiveCfg = Debug|Win32
		{1A43372B-2255-4A11-BB31-EF0C2473BB10}.Debug|Win32.Build.0 = Debug|Win32
		{1A43372B-2255-4A11-BB31-EF0C2473BB10}.DebugNoBoost|Win32.ActiveCfg = DebugNoBoost|Win32
		{1A43372B-2255-4A11-BB31-EF0C2473BB10}.DebugNoBoost|Win32.Build.0 = DebugNoBoost|Win32
		{1A43372B-2255-4A11-BB31-EF0C2473BB10}.PartialDebug|Win32.ActiveCfg = PartialDebug|Win32
		{1A43372B-2255-4A11-BB31-EF0C2473BB10}.PartialDebug|Win32.Build.0 = PartialDebug|Win32
		{1A43372B-2255-4A11-BB31-EF0C2473BB10}.Release ANSI|Win32.ActiveCfg = Release ANSI|Win32
		{1A43372B-2255-4A11-BB31-EF0C2473BB10}.Release ANSI|Win32.Build.0 = Release ANSI|Win32
		{1A43372B-2255-4A11-BB31-EF0C2473BB10}.Release|Win32.ActiveCfg = Release|Win32
		{1A43372B-2255-4A11-BB31-EF0C2473BB10}.Release|Win32.Build.0 = Release|Win32
		{AF6422A6-7787-48C7-AF33-E7F76EF1E82A}.Debug ANSI|Win32.ActiveCfg = Debug ANSI|Win32
		{AF6422A6-7787-48C7-AF33-E7F76EF1E82A}.Debug ANSI|Win32.Build.0 = Debug ANSI|Win32
		{AF6422A6-7787-48C7-AF33-E7F76EF1E82A}.Debug|Win32.ActiveCfg = Debug|Win32
		{AF6422A6-7787-48C7-AF33-E7F76EF1E82A}.Debug|Win32.Build.0 = Debug|Win32
		{AF6422A6-7787-48C7-AF33-E7F76EF1E82A}.DebugNoBoost|Win32.ActiveCfg = DebugNoBoost|Win32
		{AF6422A6-7787-48C7-AF33-E7F76EF1E82A}.DebugNoBoost|Win32.Build.0 = DebugNoBoost|Win32
		{AF6422A6-7787-48C7-AF33-E7F76EF1E82A}.PartialDebug|Win32.ActiveCfg = PartialDebug|Win32
		{AF6422A6-7787-48C7-AF33-E7F76EF1E82A}.PartialDebug|Win32.Build.0 = PartialDebug|Win32
		{AF6422A6-7787-48C7-AF33-E7F76EF1E82A}.Release ANSI|Win32.ActiveCfg = Release ANSI|Win32
		{AF6422A6-7787-48C7-AF33-E7F76EF1E82A}.Release ANSI|Win32.Build.0 = Release ANSI|Win32
		{AF6422A6-7787-48C7-AF33-E7F76EF1E82A}.Release|Win32.ActiveCfg = Release|Win32
		{AF6422A6-7787-48C7-AF33-E7F76EF1E82A}.Release|Win32.Build.0 = Release|Win32
		{80775A55-FFF9-44F4-9B00-A911D030945C}.Debug ANSI|Win32.ActiveCfg = Debug ANSI|Win32
		{80775A55-FFF9-44F4-9B00-A911D030945C}.Debug ANSI|Win32.Build.0 = Debug ANSI|Win32
		{80775A55-FFF9-44F4-9B00-A911D030945C}.Debug|Win32.ActiveCfg = Debug|Win32
		{80775A55-FFF9-44F4-9B00-A911D030945C}.Debug|Win32.Build.0 = Debug|Win32
		{80775A55-FFF9-44F4-9B00-A911D030945C}.DebugNoBoost|Win32.ActiveCfg = DebugNoBoost|Win32
		{80775A55-FFF9-44F4-9B00-A911D030945C}.DebugNoBoost|Win32.Build.0 = DebugNoBoost|Win32
		{80775A55-FFF9-44F4-9B00-A911D030945C}.PartialDebug|Win32.ActiveCfg = PartialDebug|Win32
		{80775A55-FFF9-44F4-9B00-A911D030945C}.PartialDebug|Win32.Build.0 = PartialDebug|Win32
		{80775A55-FFF9-44F4-9B00-A911D030945C}.Release ANSI|Win32.ActiveCfg = Release ANSI|Win32
		{80775A55-FFF9-44F4-9B00-A911D030945C}.Release ANSI|Win32.Build.0 = Release ANSI|Win32
		{80775A55-FFF9-44F4-9B00-A911D030945C}.Release|Win32.ActiveCfg = Release|Win32
		{80775A55-FFF9-44F4-9B00-A911D030945C}.Release|Win32.Build.0 = Release|Win32
		{29CAFA41-FC7A-4DF3-BC68-6E73B5308E26}.Debug ANSI|Win32.ActiveCfg = Debug ANSI|Win32
		{29CAFA41-FC7A-4DF3-BC68-6E73B5308E26}.Debug ANSI|Win32.Build.0 = Debug ANSI|Win32
		{29CAFA41-FC7A-4DF3-BC68-6E73B5308E26}.Debug|Win32.ActiveCfg = Debug|Win32
		{29CAFA41-FC7A-4DF3-BC68-6E73B5308E26}.Debug|Win32.Build.0 = Debug|Win32
		{29CAFA41-FC7A-4DF3-BC68-6E73B5308E26}.DebugNoBoost|Win32.ActiveCfg = DebugNoBoost|Win32
		{29CAFA41-FC7A-4DF3-BC68-6E73B5308E26}.DebugNoBoost|Win32.Build.0 = DebugNoBoost|Win32
		{29CAFA41-FC7A-4DF3-BC68-6E73B5308E26}.PartialDebug|Win32.ActiveCfg = PartialDebug|Win32
		{29CAFA41-FC7A-4DF3-BC68-6E73B5308E26}.PartialDebug|Win32.Build.0 = PartialDebug|Win32
		{29CAFA41-FC7A-4DF3-BC68-6E73B5308E26}.Release ANSI|Win32.ActiveCfg = Release ANSI|Win32
		{29CAFA41-FC7A-4DF3-BC68-6E73B5308E26}.Release ANSI|Win32.Build.0 = Release ANSI|Win32
		{29CAFA41-FC7A-4DF3-BC68-6E73B5308E26}.Release|Win32.ActiveCfg = Release|Win32
		{29CAFA41-FC7A-4DF3-BC68-6E73B5308E26}.Release|Win32.Build.0 = Release|Win32
		{3E28D374-AA9A-4B02-A865-8C369EC4FA1F}.Debug ANSI|Win32.ActiveCfg = Debug ANSI|Win32
		{3E28D374-AA9A-4B02-A865-8C369EC4FA1F}.Debug ANSI|Win32.Build.0 = Debug ANSI|Win32
		{3E28D374-AA9A-4B02-A865-8C369EC4FA1F}.Debug|Win32.ActiveCfg = Debug|Win32
		{3E28D374-AA9A-4B02-A865-8C369EC4FA1F}.Debug|Win32.Build.0 = Debug|Win32
		{3E28D374-AA9A-4B02-A865-8C369EC4FA1F}.DebugNoBoost|Win32.ActiveCfg = DebugNoBoost|Win32
		{3E28D374-AA9A-4B02-A865-8C369EC4FA1F}.DebugNoBoost|Win32.Build.0 = DebugNoBoost|Win32
		{3E28D374-AA9A-4B02-A865-8C369EC4FA1F}.PartialDebug|Win32.ActiveCfg = PartialDebug|Win32
		{3E28D374-AA9A-4B02-A865-8C369EC4FA1F}.PartialDebug|Win32.Build.0 = PartialDebug|Win32
		{3E28D374-AA9A-4B02-A865-8C369EC4FA1F}.Release ANSI|Win32.ActiveCfg = Release ANSI|Win32
		{3E28D374-AA9A-4B02-A865-8C369EC4FA1F}.Release ANSI|Win32.Build.0 = Release ANSI|Win32
		{3E28D374-AA9A-4B02-A865-8C369EC4FA1F}.Release|Win32.ActiveCfg = Release|Win32
		{3E28D374-AA9A-4B02-A865-8C369EC4FA1F}.Release|Win32.Build.0 = Release|Win32
		{B55F1717-EB83-4C1E-8CB7-B9E847070AA5}.Debug ANSI|Win32.ActiveCfg = Debug ANSI|Win32
		{B55F1717-EB83-4C1E-8CB7-B9E847070AA5}.Debug|Win32.ActiveCfg = Debug|Win32
		{B55F1717-EB83-4C1E-8CB7-B9E847070AA5}.DebugNoBoost|Win32.ActiveCfg = Debug ANSI|Win32
		{B55F1717-EB83-4C1E-8CB7-B9E847070AA5}.PartialDebug|Win32.ActiveCfg = Debug|Win32
		{B55F1717-EB83-4C1E-8CB7-B9E847070AA5}.Release ANSI|Win32.ActiveCfg = Release ANSI|Win32
		{B55F1717-EB83-4C1E-8CB7-B9E847070AA5}.Release|Win32.ActiveCfg = Release|Win32
		{39981559-7DDE-4F6C-A3E3-AB5F7D8FA99F}.Debug ANSI|Win32.ActiveCfg = Debug ANSI|Win32
		{39981559-7DDE-4F6C-A3E3-AB5F7D8FA99F}.Debug|Win32.ActiveCfg = Debug|Win32
		{39981559-7DDE-4F6C-A3E3-AB5F7D8FA99F}.DebugNoBoost|Win32.ActiveCfg = Debug ANSI|Win32
		{39981559-7DDE-4F6C-A3E3-AB5F7D8FA99F}.PartialDebug|Win32.ActiveCfg = Debug|Win32
		{39981559-7DDE-4F6C-A3E3-AB5F7D8FA99F}.PartialDebug|Win32.Build.0 = Debug|Win32
		{39981559-7DDE-4F6C-A3E3-AB5F7D8FA99F}.Release ANSI|Win32.ActiveCfg = Release ANSI|Win32
		{39981559-7DDE-4F6C-A3E3-AB5F7D8FA99F}.Release|Win32.ActiveCfg = Release|Win32
		{BF98540E-AF21-49EA-9C6D-2A9ABA97E933}.Debug ANSI|Win32.ActiveCfg = Debug|Win32
		{BF98540E-AF21-49EA-9C6D-2A9ABA97E933}.Debug ANSI|Win32.Build.0 = Debug|Win32
		{BF98540E-AF21-49EA-9C6D-2A9ABA97E933}.Debug|Win32.ActiveCfg = Debug|Win32
		{BF98540E-AF21-49EA-9C6D-2A9ABA97E933}.Debug|Win32.Build.0 = Debug|Win32
		{BF98540E-AF21-49EA-9C6D-2A9ABA97E933}.DebugNoBoost|Win32.ActiveCfg = Debug|Win32
		{BF98540E-AF21-49EA-9C6D-2A9ABA97E933}.PartialDebug|Win32.ActiveCfg = Debug|Win32
		{BF98540E-AF21-49EA-9C6D-2A9ABA97E933}.PartialDebug|Win32.Build.0 = Debug|Win32
		{BF98540E-AF21-49EA-9C6D-2A9ABA97E933}.Release ANSI|Win32.ActiveCfg = Release ANSI|Win32
		{BF98540E-AF21-49EA-9C6D-2A9ABA97E933}.Release ANSI|Win32.Build.0 = Release ANSI|Win32
		{BF98540E-AF21-49EA-9C6D-2A9ABA97E933}.Release|Win32.ActiveCfg = Release|Win32
		{BF98540E-AF21-49EA-9C6D-2A9ABA97E933}.Release|Win32.Build.0 = Release|Win32
	EndGlobalSection
	GlobalSection(SolutionProperties) = preSolution
		HideSolutionNode = FALSE
	EndGlobalSection
EndGlobal
