
Microsoft Visual Studio Solution File, Format Version 9.00
# Visual C++ Express 2005
Project("{8BC9CEB8-8B4A-11D0-8D11-00A0C91BC942}") = "Launcher", "Launcher.vcproj", "{BF98540E-AF21-49EA-9C6D-2A9ABA97E933}"
EndProject
Global
	GlobalSection(SolutionConfigurationPlatforms) = preSolution
		Debug|Win32 = Debug|Win32
		Release ANSI|Win32 = Release ANSI|Win32
		Release|Win32 = Release|Win32
	EndGlobalSection
	GlobalSection(ProjectConfigurationPlatforms) = postSolution
		{BF98540E-AF21-49EA-9C6D-2A9ABA97E933}.Debug|Win32.ActiveCfg = Debug|Win32
		{BF98540E-AF21-49EA-9C6D-2A9ABA97E933}.Debug|Win32.Build.0 = Debug|Win32
		{BF98540E-AF21-49EA-9C6D-2A9ABA97E933}.Release ANSI|Win32.ActiveCfg = Release ANSI|Win32
		{BF98540E-AF21-49EA-9C6D-2A9ABA97E933}.Release ANSI|Win32.Build.0 = Release ANSI|Win32
		{BF98540E-AF21-49EA-9C6D-2A9ABA97E933}.Release|Win32.ActiveCfg = Release|Win32
		{BF98540E-AF21-49EA-9C6D-2A9ABA97E933}.Release|Win32.Build.0 = Release|Win32
	EndGlobalSection
	GlobalSection(SolutionProperties) = preSolution
		HideSolutionNode = FALSE
	EndGlobalSection
EndGlobal
