// !$*UTF8*$!
{
	archiveVersion = 1;
	classes = {
	};
	objectVersion = 42;
	objects = {

/* Begin PBXBuildFile section */
		1F02B0DE0A69EBDC00678F51 /* AlertHandler.cpp in Sources */ = {isa = PBXBuildFile; fileRef = 1F02B0DD0A69EBDC00678F51 /* AlertHandler.cpp */; };
		1F1039A00D97064E00D01B28 /* LDrawPage.mm in Sources */ = {isa = PBXBuildFile; fileRef = 1F10399E0D97064E00D01B28 /* LDrawPage.mm */; };
		1F2031EA0C49DF3B009B7720 /* Preferences.mm in Sources */ = {isa = PBXBuildFile; fileRef = 1F2031E80C49DF3B009B7720 /* Preferences.mm */; };
		1F2031ED0C49DF4E009B7720 /* EffectsPage.mm in Sources */ = {isa = PBXBuildFile; fileRef = 1F2031EC0C49DF4E009B7720 /* EffectsPage.mm */; };
		1F2031F00C49DF58009B7720 /* PreferencePage.mm in Sources */ = {isa = PBXBuildFile; fileRef = 1F2031EE0C49DF58009B7720 /* PreferencePage.mm */; };
		1F2031F30C49DF5D009B7720 /* GeneralPage.mm in Sources */ = {isa = PBXBuildFile; fileRef = 1F2031F20C49DF5D009B7720 /* GeneralPage.mm */; };
		1F2031F60C49DF64009B7720 /* GeometryPage.mm in Sources */ = {isa = PBXBuildFile; fileRef = 1F2031F50C49DF64009B7720 /* GeometryPage.mm */; };
		1F2031F90C49DF69009B7720 /* PrefSetsPage.mm in Sources */ = {isa = PBXBuildFile; fileRef = 1F2031F70C49DF69009B7720 /* PrefSetsPage.mm */; };
		1F2031FC0C49DF6D009B7720 /* PrimitivesPage.mm in Sources */ = {isa = PBXBuildFile; fileRef = 1F2031FB0C49DF6D009B7720 /* PrimitivesPage.mm */; };
		1F2031FF0C49DF72009B7720 /* UpdatesPage.mm in Sources */ = {isa = PBXBuildFile; fileRef = 1F2031FE0C49DF72009B7720 /* UpdatesPage.mm */; };
		1F20D6520A5F6F8200F677AC /* StudLogo.png in Resources */ = {isa = PBXBuildFile; fileRef = 1F20D6510A5F6F8200F677AC /* StudLogo.png */; };
		1F20D6F40A5F759C00F677AC /* SansSerif.fnt in Resources */ = {isa = PBXBuildFile; fileRef = 1F20D6F30A5F759C00F677AC /* SansSerif.fnt */; };
		1F20DAE90A60BEF900F677AC /* OCUserDefaults.mm in Sources */ = {isa = PBXBuildFile; fileRef = 1F20DAE80A60BEF900F677AC /* OCUserDefaults.mm */; };
		1F20DB190A60C39D00F677AC /* OCLocalStrings.mm in Sources */ = {isa = PBXBuildFile; fileRef = 1F20DB180A60C39D00F677AC /* OCLocalStrings.mm */; };
		1F240BC00A58AFC300691116 /* LDViewController.mm in Sources */ = {isa = PBXBuildFile; fileRef = 1F240BBF0A58AFC300691116 /* LDViewController.mm */; };
		1F240BE30A58D11D00691116 /* libLDLib.a in Frameworks */ = {isa = PBXBuildFile; fileRef = 1F240BAC0A588BB800691116 /* libLDLib.a */; };
		1F240BE50A58D12C00691116 /* libLDLoader.a in Frameworks */ = {isa = PBXBuildFile; fileRef = 1F240BA50A588BA700691116 /* libLDLoader.a */; };
		1F240BE60A58D12E00691116 /* libTCFoundation.a in Frameworks */ = {isa = PBXBuildFile; fileRef = 1F240B9C0A588B9000691116 /* libTCFoundation.a */; };
		1F240BE70A58D13100691116 /* libTRE.a in Frameworks */ = {isa = PBXBuildFile; fileRef = 1F240BB30A588BC600691116 /* libTRE.a */; };
		1F240C030A58D1E400691116 /* OpenGL.framework in Frameworks */ = {isa = PBXBuildFile; fileRef = 1F240C020A58D1E400691116 /* OpenGL.framework */; };
		1F240CA00A58D98400691116 /* LDrawModelView.mm in Sources */ = {isa = PBXBuildFile; fileRef = 1F240C9E0A58D98400691116 /* LDrawModelView.mm */; };
		1F240DA50A58E28700691116 /* ModelWindow.mm in Sources */ = {isa = PBXBuildFile; fileRef = 1F240DA40A58E28700691116 /* ModelWindow.mm */; };
		1F29FE660C7811B200A907CC /* ErrorsAndWarnings.nib in Resources */ = {isa = PBXBuildFile; fileRef = 1F29FE640C7811B200A907CC /* ErrorsAndWarnings.nib */; };
		1F29FE6A0C78242000A907CC /* ErrorsAndWarnings.mm in Sources */ = {isa = PBXBuildFile; fileRef = 1F29FE690C78242000A907CC /* ErrorsAndWarnings.mm */; };
		1F2CAD490D8F63A600A98C9A /* ModelTree.nib in Resources */ = {isa = PBXBuildFile; fileRef = 1F2CAD470D8F63A600A98C9A /* ModelTree.nib */; };
		1F2CAD4C0D8F63D900A98C9A /* ModelTree.mm in Sources */ = {isa = PBXBuildFile; fileRef = 1F2CAD4B0D8F63D900A98C9A /* ModelTree.mm */; };
		1F2CAD9A0D8F6EFB00A98C9A /* ModelTreeItem.mm in Sources */ = {isa = PBXBuildFile; fileRef = 1F2CAD990D8F6EFB00A98C9A /* ModelTreeItem.mm */; };
		1F39B71F0C619E35004CE068 /* LDViewMessages.ini in Resources */ = {isa = PBXBuildFile; fileRef = 1F39B71E0C619E35004CE068 /* LDViewMessages.ini */; };
		1F47E7890C7575C9009B84BC /* toolbar_bfc.png in Resources */ = {isa = PBXBuildFile; fileRef = 1F47E77E0C7575C9009B84BC /* toolbar_bfc.png */; };
		1F47E78A0C7575C9009B84BC /* toolbar_edge.png in Resources */ = {isa = PBXBuildFile; fileRef = 1F47E77F0C7575C9009B84BC /* toolbar_edge.png */; };
		1F47E78B0C7575C9009B84BC /* toolbar_light.png in Resources */ = {isa = PBXBuildFile; fileRef = 1F47E7800C7575C9009B84BC /* toolbar_light.png */; };
		1F47E78C0C7575C9009B84BC /* toolbar_open.png in Resources */ = {isa = PBXBuildFile; fileRef = 1F47E7810C7575C9009B84BC /* toolbar_open.png */; };
		1F47E78D0C7575C9009B84BC /* toolbar_preferences.png in Resources */ = {isa = PBXBuildFile; fileRef = 1F47E7820C7575C9009B84BC /* toolbar_preferences.png */; };
		1F47E78E0C7575C9009B84BC /* toolbar_primsubs.png in Resources */ = {isa = PBXBuildFile; fileRef = 1F47E7830C7575C9009B84BC /* toolbar_primsubs.png */; };
		1F47E78F0C7575C9009B84BC /* toolbar_reload.png in Resources */ = {isa = PBXBuildFile; fileRef = 1F47E7840C7575C9009B84BC /* toolbar_reload.png */; };
		1F47E7900C7575C9009B84BC /* toolbar_seams.png in Resources */ = {isa = PBXBuildFile; fileRef = 1F47E7850C7575C9009B84BC /* toolbar_seams.png */; };
		1F47E7910C7575C9009B84BC /* toolbar_snapshot.png in Resources */ = {isa = PBXBuildFile; fileRef = 1F47E7860C7575C9009B84BC /* toolbar_snapshot.png */; };
		1F47E7920C7575C9009B84BC /* toolbar_view.png in Resources */ = {isa = PBXBuildFile; fileRef = 1F47E7870C7575C9009B84BC /* toolbar_view.png */; };
		1F47E7930C7575C9009B84BC /* toolbar_wireframe.png in Resources */ = {isa = PBXBuildFile; fileRef = 1F47E7880C7575C9009B84BC /* toolbar_wireframe.png */; };
		1F47E7970C75768F009B84BC /* examine.png in Resources */ = {isa = PBXBuildFile; fileRef = 1F47E7950C75768F009B84BC /* examine.png */; };
		1F47E7980C75768F009B84BC /* flythrough.png in Resources */ = {isa = PBXBuildFile; fileRef = 1F47E7960C75768F009B84BC /* flythrough.png */; };
		1F5A35620D9627E70072BAE3 /* PartsList.nib in Resources */ = {isa = PBXBuildFile; fileRef = 1F5A35600D9627E70072BAE3 /* PartsList.nib */; };
		1F5A35670D9629220072BAE3 /* PartsList.mm in Sources */ = {isa = PBXBuildFile; fileRef = 1F5A35660D9629220072BAE3 /* PartsList.mm */; };
		1F5A35AF0D962E410072BAE3 /* LDViewCategories.mm in Sources */ = {isa = PBXBuildFile; fileRef = 1F5A35AE0D962E410072BAE3 /* LDViewCategories.mm */; };
		1F6122D40C78F68600548053 /* ErrorItem.mm in Sources */ = {isa = PBXBuildFile; fileRef = 1F6122D30C78F68600548053 /* ErrorItem.mm */; };
		1F61256D0C793C0700548053 /* error_colinear.png in Resources */ = {isa = PBXBuildFile; fileRef = 1F6125610C793C0700548053 /* error_colinear.png */; };
		1F61256E0C793C0700548053 /* error_color.png in Resources */ = {isa = PBXBuildFile; fileRef = 1F6125620C793C0700548053 /* error_color.png */; };
		1F61256F0C793C0700548053 /* error_concave_quad.png in Resources */ = {isa = PBXBuildFile; fileRef = 1F6125630C793C0700548053 /* error_concave_quad.png */; };
		1F6125700C793C0700548053 /* error_determinant.png in Resources */ = {isa = PBXBuildFile; fileRef = 1F6125640C793C0700548053 /* error_determinant.png */; };
		1F6125710C793C0700548053 /* error_fnf.png in Resources */ = {isa = PBXBuildFile; fileRef = 1F6125650C793C0700548053 /* error_fnf.png */; };
		1F6125720C793C0700548053 /* error_info.png in Resources */ = {isa = PBXBuildFile; fileRef = 1F6125660C793C0700548053 /* error_info.png */; };
		1F6125730C793C0700548053 /* error_loop.png in Resources */ = {isa = PBXBuildFile; fileRef = 1F6125670C793C0700548053 /* error_loop.png */; };
		1F6125740C793C0700548053 /* error_matching_points.png in Resources */ = {isa = PBXBuildFile; fileRef = 1F6125680C793C0700548053 /* error_matching_points.png */; };
		1F6125750C793C0700548053 /* error_matrix.png in Resources */ = {isa = PBXBuildFile; fileRef = 1F6125690C793C0700548053 /* error_matrix.png */; };
		1F6125760C793C0700548053 /* error_non_flat_quad.png in Resources */ = {isa = PBXBuildFile; fileRef = 1F61256A0C793C0700548053 /* error_non_flat_quad.png */; };
		1F6125770C793C0700548053 /* error_parse.png in Resources */ = {isa = PBXBuildFile; fileRef = 1F61256B0C793C0700548053 /* error_parse.png */; };
		1F6125780C793C0700548053 /* error_vertex_order.png in Resources */ = {isa = PBXBuildFile; fileRef = 1F61256C0C793C0700548053 /* error_vertex_order.png */; };
		1F70FAD40C5734D5009E51B6 /* MyResizeCorner.png in Resources */ = {isa = PBXBuildFile; fileRef = 1F70FAD30C5734D5009E51B6 /* MyResizeCorner.png */; };
		1F7472170CC32ABA00D6DB68 /* SnapshotTaker.mm in Sources */ = {isa = PBXBuildFile; fileRef = 1F7472160CC32ABA00D6DB68 /* SnapshotTaker.mm */; };
		1F8418E60D358B9900FAF665 /* JpegOptions.nib in Resources */ = {isa = PBXBuildFile; fileRef = 1F8418E40D358B9900FAF665 /* JpegOptions.nib */; };
		1F8418EA0D35902600FAF665 /* JpegOptions.mm in Sources */ = {isa = PBXBuildFile; fileRef = 1F8418E90D35902600FAF665 /* JpegOptions.mm */; };
		1F92F61E0A5A267C00AE8086 /* LDView.icns in Resources */ = {isa = PBXBuildFile; fileRef = 1F92F61D0A5A267C00AE8086 /* LDView.icns */; };
		1F9BB9060D9F351500B06DDE /* SnapshotAlertHandler.mm in Sources */ = {isa = PBXBuildFile; fileRef = 1F9BB9050D9F351500B06DDE /* SnapshotAlertHandler.mm */; };
		1FBE9DD80CD3F3D200334DA9 /* SaveSnapshotViewOwner.mm in Sources */ = {isa = PBXBuildFile; fileRef = 1FBE9DD70CD3F3D200334DA9 /* SaveSnapshotViewOwner.mm */; };
		1FBE9E1D0CD3F66500334DA9 /* SaveSnapshotView.nib in Resources */ = {isa = PBXBuildFile; fileRef = 1FBE9E1B0CD3F66500334DA9 /* SaveSnapshotView.nib */; };
		1FBE9E390CD3FA2200334DA9 /* ViewOwnerBase.mm in Sources */ = {isa = PBXBuildFile; fileRef = 1FBE9E380CD3FA2200334DA9 /* ViewOwnerBase.mm */; };
		1FCD57250CCBFDCD005EDCE4 /* CommandLineSnapshot.mm in Sources */ = {isa = PBXBuildFile; fileRef = 1FCD57240CCBFDCD005EDCE4 /* CommandLineSnapshot.mm */; };
		1FD4D8310BA4CF8900419677 /* ModelWindow.nib in Resources */ = {isa = PBXBuildFile; fileRef = 1FD4D82F0BA4CF8900419677 /* ModelWindow.nib */; };
		1FD4D8350BA4D00E00419677 /* Preferences.nib in Resources */ = {isa = PBXBuildFile; fileRef = 1FD4D8330BA4D00E00419677 /* Preferences.nib */; };
		1FD4D8380BA4D3F400419677 /* LightAngleUL.png in Resources */ = {isa = PBXBuildFile; fileRef = 1FD4D8370BA4D3F400419677 /* LightAngleUL.png */; };
		1FD4D8430BA4D52800419677 /* LightAngleLL.png in Resources */ = {isa = PBXBuildFile; fileRef = 1FD4D83B0BA4D52800419677 /* LightAngleLL.png */; };
		1FD4D8440BA4D52800419677 /* LightAngleLM.png in Resources */ = {isa = PBXBuildFile; fileRef = 1FD4D83C0BA4D52800419677 /* LightAngleLM.png */; };
		1FD4D8450BA4D52800419677 /* LightAngleLR.png in Resources */ = {isa = PBXBuildFile; fileRef = 1FD4D83D0BA4D52800419677 /* LightAngleLR.png */; };
		1FD4D8460BA4D52800419677 /* LightAngleML.png in Resources */ = {isa = PBXBuildFile; fileRef = 1FD4D83E0BA4D52800419677 /* LightAngleML.png */; };
		1FD4D8470BA4D52800419677 /* LightAngleMM.png in Resources */ = {isa = PBXBuildFile; fileRef = 1FD4D83F0BA4D52800419677 /* LightAngleMM.png */; };
		1FD4D8480BA4D52800419677 /* LightAngleMR.png in Resources */ = {isa = PBXBuildFile; fileRef = 1FD4D8400BA4D52800419677 /* LightAngleMR.png */; };
		1FD4D8490BA4D52800419677 /* LightAngleUM.png in Resources */ = {isa = PBXBuildFile; fileRef = 1FD4D8410BA4D52800419677 /* LightAngleUM.png */; };
		1FD4D84A0BA4D52800419677 /* LightAngleUR.png in Resources */ = {isa = PBXBuildFile; fileRef = 1FD4D8420BA4D52800419677 /* LightAngleUR.png */; };
		1FD98B8E0D975813006DBC00 /* TableViewReorder.mm in Sources */ = {isa = PBXBuildFile; fileRef = 1FD98B8D0D975813006DBC00 /* TableViewReorder.mm */; };
		1FE251FA0C6FD26800FAE201 /* ToolbarSegmentedControl.m in Sources */ = {isa = PBXBuildFile; fileRef = 1FE251F90C6FD26800FAE201 /* ToolbarSegmentedControl.m */; };
		1FE252030C6FD2CF00FAE201 /* ToolbarSegmentedCell.m in Sources */ = {isa = PBXBuildFile; fileRef = 1FE252020C6FD2CF00FAE201 /* ToolbarSegmentedCell.m */; };
		1FE252FB0C6FF97800FAE201 /* ToolbarPopUpButton.m in Sources */ = {isa = PBXBuildFile; fileRef = 1FE252F80C6FF97800FAE201 /* ToolbarPopUpButton.m */; };
		1FE252FC0C6FF97800FAE201 /* ToolbarPopUpButtonCell.m in Sources */ = {isa = PBXBuildFile; fileRef = 1FE252FA0C6FF97800FAE201 /* ToolbarPopUpButtonCell.m */; };
		1FE965B10C5D595A00C80B59 /* PrefSetNew.nib in Resources */ = {isa = PBXBuildFile; fileRef = 1FE965AF0C5D595A00C80B59 /* PrefSetNew.nib */; };
		1FE965B40C5D596D00C80B59 /* PrefSetNewSheet.mm in Sources */ = {isa = PBXBuildFile; fileRef = 1FE965B30C5D596D00C80B59 /* PrefSetNewSheet.mm */; };
		1FE965BB0C5D59E700C80B59 /* GenericSheet.mm in Sources */ = {isa = PBXBuildFile; fileRef = 1FE965BA0C5D59E700C80B59 /* GenericSheet.mm */; };
		1FFC7DC80C5C095F004B8A2F /* PrefSetHotKey.nib in Resources */ = {isa = PBXBuildFile; fileRef = 1FFC7DC60C5C095F004B8A2F /* PrefSetHotKey.nib */; };
		1FFC7DCC0C5C61C3004B8A2F /* PrefSetHotKeySheet.mm in Sources */ = {isa = PBXBuildFile; fileRef = 1FFC7DCB0C5C61C3004B8A2F /* PrefSetHotKeySheet.mm */; };
		8D11072A0486CEB800E47090 /* MainMenu.nib in Resources */ = {isa = PBXBuildFile; fileRef = 29B97318FDCFA39411CA2CEA /* MainMenu.nib */; };
		8D11072B0486CEB800E47090 /* InfoPlist.strings in Resources */ = {isa = PBXBuildFile; fileRef = 089C165CFE840E0CC02AAC07 /* InfoPlist.strings */; };
		8D11072D0486CEB800E47090 /* main.m in Sources */ = {isa = PBXBuildFile; fileRef = 29B97316FDCFA39411CA2CEA /* main.m */; settings = {ATTRIBUTES = (); }; };
		8D11072F0486CEB800E47090 /* Cocoa.framework in Frameworks */ = {isa = PBXBuildFile; fileRef = 1058C7A1FEA54F0111CA2CBB /* Cocoa.framework */; };
/* End PBXBuildFile section */

/* Begin PBXContainerItemProxy section */
		1F240B9B0A588B9000691116 /* PBXContainerItemProxy */ = {
			isa = PBXContainerItemProxy;
			containerPortal = 1F240B960A588B9000691116 /* TCFoundation.xcodeproj */;
			proxyType = 2;
			remoteGlobalIDString = D2AAC07E0554694100DB518D;
			remoteInfo = TCFoundation;
		};
		1F240BA40A588BA700691116 /* PBXContainerItemProxy */ = {
			isa = PBXContainerItemProxy;
			containerPortal = 1F240B9F0A588BA700691116 /* LDLoader.xcodeproj */;
			proxyType = 2;
			remoteGlobalIDString = D2AAC07E0554694100DB518D;
			remoteInfo = LDLoader;
		};
		1F240BAB0A588BB800691116 /* PBXContainerItemProxy */ = {
			isa = PBXContainerItemProxy;
			containerPortal = 1F240BA60A588BB800691116 /* LDLib.xcodeproj */;
			proxyType = 2;
			remoteGlobalIDString = D2AAC07E0554694100DB518D;
			remoteInfo = LDLib;
		};
		1F240BB20A588BC600691116 /* PBXContainerItemProxy */ = {
			isa = PBXContainerItemProxy;
			containerPortal = 1F240BAD0A588BC600691116 /* TRE.xcodeproj */;
			proxyType = 2;
			remoteGlobalIDString = D2AAC07E0554694100DB518D;
			remoteInfo = TRE;
		};
		1F6A747E0C4DEEFF00DAF5C8 /* PBXContainerItemProxy */ = {
			isa = PBXContainerItemProxy;
			containerPortal = 1F240B960A588B9000691116 /* TCFoundation.xcodeproj */;
			proxyType = 1;
			remoteGlobalIDString = D2AAC07D0554694100DB518D;
			remoteInfo = TCFoundation;
		};
		1F6A74800C4DEF0800DAF5C8 /* PBXContainerItemProxy */ = {
			isa = PBXContainerItemProxy;
			containerPortal = 1F240BA60A588BB800691116 /* LDLib.xcodeproj */;
			proxyType = 1;
			remoteGlobalIDString = D2AAC07D0554694100DB518D;
			remoteInfo = LDLib;
		};
		1F6A74820C4DEF0C00DAF5C8 /* PBXContainerItemProxy */ = {
			isa = PBXContainerItemProxy;
			containerPortal = 1F240B9F0A588BA700691116 /* LDLoader.xcodeproj */;
			proxyType = 1;
			remoteGlobalIDString = D2AAC07D0554694100DB518D;
			remoteInfo = LDLoader;
		};
		1F6A74840C4DEF1000DAF5C8 /* PBXContainerItemProxy */ = {
			isa = PBXContainerItemProxy;
			containerPortal = 1F240BAD0A588BC600691116 /* TRE.xcodeproj */;
			proxyType = 1;
			remoteGlobalIDString = D2AAC07D0554694100DB518D;
			remoteInfo = TRE;
		};
/* End PBXContainerItemProxy section */

/* Begin PBXFileReference section */
		089C165DFE840E0CC02AAC07 /* English */ = {isa = PBXFileReference; fileEncoding = 10; lastKnownFileType = text.plist.strings; name = English; path = English.lproj/InfoPlist.strings; sourceTree = "<group>"; };
		1058C7A1FEA54F0111CA2CBB /* Cocoa.framework */ = {isa = PBXFileReference; lastKnownFileType = wrapper.framework; name = Cocoa.framework; path = /System/Library/Frameworks/Cocoa.framework; sourceTree = "<absolute>"; };
		13E42FB307B3F0F600E4EEF1 /* CoreData.framework */ = {isa = PBXFileReference; lastKnownFileType = wrapper.framework; name = CoreData.framework; path = /System/Library/Frameworks/CoreData.framework; sourceTree = "<absolute>"; };
		1F02B0DC0A69EBDC00678F51 /* AlertHandler.h */ = {isa = PBXFileReference; fileEncoding = 4; lastKnownFileType = sourcecode.c.h; path = AlertHandler.h; sourceTree = "<group>"; };
		1F02B0DD0A69EBDC00678F51 /* AlertHandler.cpp */ = {isa = PBXFileReference; explicitFileType = sourcecode.cpp.objcpp; fileEncoding = 4; path = AlertHandler.cpp; sourceTree = "<group>"; };
		1F10399E0D97064E00D01B28 /* LDrawPage.mm */ = {isa = PBXFileReference; fileEncoding = 30; lastKnownFileType = sourcecode.cpp.objcpp; path = LDrawPage.mm; sourceTree = "<group>"; };
		1F10399F0D97064E00D01B28 /* LDrawPage.h */ = {isa = PBXFileReference; fileEncoding = 30; lastKnownFileType = sourcecode.c.h; path = LDrawPage.h; sourceTree = "<group>"; };
		1F2031E80C49DF3B009B7720 /* Preferences.mm */ = {isa = PBXFileReference; fileEncoding = 30; lastKnownFileType = sourcecode.cpp.objcpp; path = Preferences.mm; sourceTree = "<group>"; };
		1F2031E90C49DF3B009B7720 /* Preferences.h */ = {isa = PBXFileReference; fileEncoding = 30; lastKnownFileType = sourcecode.c.h; path = Preferences.h; sourceTree = "<group>"; };
		1F2031EB0C49DF4E009B7720 /* EffectsPage.h */ = {isa = PBXFileReference; fileEncoding = 30; lastKnownFileType = sourcecode.c.h; path = EffectsPage.h; sourceTree = "<group>"; };
		1F2031EC0C49DF4E009B7720 /* EffectsPage.mm */ = {isa = PBXFileReference; fileEncoding = 30; lastKnownFileType = sourcecode.cpp.objcpp; path = EffectsPage.mm; sourceTree = "<group>"; };
		1F2031EE0C49DF58009B7720 /* PreferencePage.mm */ = {isa = PBXFileReference; fileEncoding = 30; lastKnownFileType = sourcecode.cpp.objcpp; path = PreferencePage.mm; sourceTree = "<group>"; };
		1F2031EF0C49DF58009B7720 /* PreferencePage.h */ = {isa = PBXFileReference; fileEncoding = 30; lastKnownFileType = sourcecode.c.h; path = PreferencePage.h; sourceTree = "<group>"; };
		1F2031F10C49DF5D009B7720 /* GeneralPage.h */ = {isa = PBXFileReference; fileEncoding = 30; lastKnownFileType = sourcecode.c.h; path = GeneralPage.h; sourceTree = "<group>"; };
		1F2031F20C49DF5D009B7720 /* GeneralPage.mm */ = {isa = PBXFileReference; fileEncoding = 30; lastKnownFileType = sourcecode.cpp.objcpp; path = GeneralPage.mm; sourceTree = "<group>"; };
		1F2031F40C49DF64009B7720 /* GeometryPage.h */ = {isa = PBXFileReference; fileEncoding = 30; lastKnownFileType = sourcecode.c.h; path = GeometryPage.h; sourceTree = "<group>"; };
		1F2031F50C49DF64009B7720 /* GeometryPage.mm */ = {isa = PBXFileReference; fileEncoding = 30; lastKnownFileType = sourcecode.cpp.objcpp; path = GeometryPage.mm; sourceTree = "<group>"; wrapsLines = 1; };
		1F2031F70C49DF69009B7720 /* PrefSetsPage.mm */ = {isa = PBXFileReference; fileEncoding = 30; lastKnownFileType = sourcecode.cpp.objcpp; path = PrefSetsPage.mm; sourceTree = "<group>"; };
		1F2031F80C49DF69009B7720 /* PrefSetsPage.h */ = {isa = PBXFileReference; fileEncoding = 30; lastKnownFileType = sourcecode.c.h; path = PrefSetsPage.h; sourceTree = "<group>"; };
		1F2031FA0C49DF6D009B7720 /* PrimitivesPage.h */ = {isa = PBXFileReference; fileEncoding = 30; lastKnownFileType = sourcecode.c.h; path = PrimitivesPage.h; sourceTree = "<group>"; };
		1F2031FB0C49DF6D009B7720 /* PrimitivesPage.mm */ = {isa = PBXFileReference; fileEncoding = 30; lastKnownFileType = sourcecode.cpp.objcpp; path = PrimitivesPage.mm; sourceTree = "<group>"; };
		1F2031FD0C49DF72009B7720 /* UpdatesPage.h */ = {isa = PBXFileReference; fileEncoding = 30; lastKnownFileType = sourcecode.c.h; path = UpdatesPage.h; sourceTree = "<group>"; };
		1F2031FE0C49DF72009B7720 /* UpdatesPage.mm */ = {isa = PBXFileReference; fileEncoding = 30; lastKnownFileType = sourcecode.cpp.objcpp; path = UpdatesPage.mm; sourceTree = "<group>"; };
		1F20D6510A5F6F8200F677AC /* StudLogo.png */ = {isa = PBXFileReference; lastKnownFileType = image.png; name = StudLogo.png; path = ../../Textures/StudLogo.png; sourceTree = SOURCE_ROOT; };
		1F20D6F30A5F759C00F677AC /* SansSerif.fnt */ = {isa = PBXFileReference; lastKnownFileType = file; name = SansSerif.fnt; path = ../../Textures/SansSerif.fnt; sourceTree = SOURCE_ROOT; };
		1F20DAE70A60BEF900F677AC /* OCUserDefaults.h */ = {isa = PBXFileReference; fileEncoding = 4; lastKnownFileType = sourcecode.c.h; path = OCUserDefaults.h; sourceTree = "<group>"; };
		1F20DAE80A60BEF900F677AC /* OCUserDefaults.mm */ = {isa = PBXFileReference; fileEncoding = 4; lastKnownFileType = sourcecode.cpp.objcpp; path = OCUserDefaults.mm; sourceTree = "<group>"; };
		1F20DB170A60C39D00F677AC /* OCLocalStrings.h */ = {isa = PBXFileReference; fileEncoding = 4; lastKnownFileType = sourcecode.c.h; path = OCLocalStrings.h; sourceTree = "<group>"; };
		1F20DB180A60C39D00F677AC /* OCLocalStrings.mm */ = {isa = PBXFileReference; fileEncoding = 4; lastKnownFileType = sourcecode.cpp.objcpp; path = OCLocalStrings.mm; sourceTree = "<group>"; };
		1F240B960A588B9000691116 /* TCFoundation.xcodeproj */ = {isa = PBXFileReference; lastKnownFileType = "wrapper.pb-project"; name = TCFoundation.xcodeproj; path = ../TCFoundation/TCFoundation.xcodeproj; sourceTree = SOURCE_ROOT; };
		1F240B9F0A588BA700691116 /* LDLoader.xcodeproj */ = {isa = PBXFileReference; lastKnownFileType = "wrapper.pb-project"; name = LDLoader.xcodeproj; path = ../LDLoader/LDLoader.xcodeproj; sourceTree = SOURCE_ROOT; };
		1F240BA60A588BB800691116 /* LDLib.xcodeproj */ = {isa = PBXFileReference; lastKnownFileType = "wrapper.pb-project"; name = LDLib.xcodeproj; path = ../LDLib/LDLib.xcodeproj; sourceTree = SOURCE_ROOT; };
		1F240BAD0A588BC600691116 /* TRE.xcodeproj */ = {isa = PBXFileReference; lastKnownFileType = "wrapper.pb-project"; name = TRE.xcodeproj; path = ../TRE/TRE.xcodeproj; sourceTree = SOURCE_ROOT; };
		1F240BBE0A58AFC300691116 /* LDViewController.h */ = {isa = PBXFileReference; fileEncoding = 30; lastKnownFileType = sourcecode.c.h; path = LDViewController.h; sourceTree = "<group>"; };
		1F240BBF0A58AFC300691116 /* LDViewController.mm */ = {isa = PBXFileReference; fileEncoding = 30; lastKnownFileType = sourcecode.cpp.objcpp; path = LDViewController.mm; sourceTree = "<group>"; };
		1F240C020A58D1E400691116 /* OpenGL.framework */ = {isa = PBXFileReference; lastKnownFileType = wrapper.framework; name = OpenGL.framework; path = /System/Library/Frameworks/OpenGL.framework; sourceTree = "<absolute>"; };
		1F240C9E0A58D98400691116 /* LDrawModelView.mm */ = {isa = PBXFileReference; fileEncoding = 30; lastKnownFileType = sourcecode.cpp.objcpp; path = LDrawModelView.mm; sourceTree = "<group>"; };
		1F240C9F0A58D98400691116 /* LDrawModelView.h */ = {isa = PBXFileReference; fileEncoding = 30; lastKnownFileType = sourcecode.c.h; path = LDrawModelView.h; sourceTree = "<group>"; };
		1F240DA30A58E28700691116 /* ModelWindow.h */ = {isa = PBXFileReference; fileEncoding = 30; lastKnownFileType = sourcecode.c.h; path = ModelWindow.h; sourceTree = "<group>"; };
		1F240DA40A58E28700691116 /* ModelWindow.mm */ = {isa = PBXFileReference; fileEncoding = 30; lastKnownFileType = sourcecode.cpp.objcpp; path = ModelWindow.mm; sourceTree = "<group>"; };
		1F29FE650C7811B200A907CC /* English */ = {isa = PBXFileReference; lastKnownFileType = wrapper.nib; name = English; path = English.lproj/ErrorsAndWarnings.nib; sourceTree = "<group>"; };
		1F29FE680C78242000A907CC /* ErrorsAndWarnings.h */ = {isa = PBXFileReference; fileEncoding = 30; lastKnownFileType = sourcecode.c.h; path = ErrorsAndWarnings.h; sourceTree = "<group>"; };
		1F29FE690C78242000A907CC /* ErrorsAndWarnings.mm */ = {isa = PBXFileReference; fileEncoding = 30; lastKnownFileType = sourcecode.cpp.objcpp; path = ErrorsAndWarnings.mm; sourceTree = "<group>"; };
		1F2CAD480D8F63A600A98C9A /* English */ = {isa = PBXFileReference; lastKnownFileType = wrapper.nib; name = English; path = English.lproj/ModelTree.nib; sourceTree = "<group>"; };
		1F2CAD4A0D8F63D900A98C9A /* ModelTree.h */ = {isa = PBXFileReference; fileEncoding = 4; lastKnownFileType = sourcecode.c.h; path = ModelTree.h; sourceTree = "<group>"; };
		1F2CAD4B0D8F63D900A98C9A /* ModelTree.mm */ = {isa = PBXFileReference; fileEncoding = 4; lastKnownFileType = sourcecode.cpp.objcpp; path = ModelTree.mm; sourceTree = "<group>"; };
		1F2CAD980D8F6EFB00A98C9A /* ModelTreeItem.h */ = {isa = PBXFileReference; fileEncoding = 4; lastKnownFileType = sourcecode.c.h; path = ModelTreeItem.h; sourceTree = "<group>"; };
		1F2CAD990D8F6EFB00A98C9A /* ModelTreeItem.mm */ = {isa = PBXFileReference; fileEncoding = 4; lastKnownFileType = sourcecode.cpp.objcpp; path = ModelTreeItem.mm; sourceTree = "<group>"; };
		1F39B71E0C619E35004CE068 /* LDViewMessages.ini */ = {isa = PBXFileReference; fileEncoding = 30; lastKnownFileType = text; name = LDViewMessages.ini; path = ../../LDViewMessages.ini; sourceTree = SOURCE_ROOT; };
		1F47E77E0C7575C9009B84BC /* toolbar_bfc.png */ = {isa = PBXFileReference; lastKnownFileType = image.png; name = toolbar_bfc.png; path = Images/toolbar_bfc.png; sourceTree = "<group>"; };
		1F47E77F0C7575C9009B84BC /* toolbar_edge.png */ = {isa = PBXFileReference; lastKnownFileType = image.png; name = toolbar_edge.png; path = Images/toolbar_edge.png; sourceTree = "<group>"; };
		1F47E7800C7575C9009B84BC /* toolbar_light.png */ = {isa = PBXFileReference; lastKnownFileType = image.png; name = toolbar_light.png; path = Images/toolbar_light.png; sourceTree = "<group>"; };
		1F47E7810C7575C9009B84BC /* toolbar_open.png */ = {isa = PBXFileReference; lastKnownFileType = image.png; name = toolbar_open.png; path = Images/toolbar_open.png; sourceTree = "<group>"; };
		1F47E7820C7575C9009B84BC /* toolbar_preferences.png */ = {isa = PBXFileReference; lastKnownFileType = image.png; name = toolbar_preferences.png; path = Images/toolbar_preferences.png; sourceTree = "<group>"; };
		1F47E7830C7575C9009B84BC /* toolbar_primsubs.png */ = {isa = PBXFileReference; lastKnownFileType = image.png; name = toolbar_primsubs.png; path = Images/toolbar_primsubs.png; sourceTree = "<group>"; };
		1F47E7840C7575C9009B84BC /* toolbar_reload.png */ = {isa = PBXFileReference; lastKnownFileType = image.png; name = toolbar_reload.png; path = Images/toolbar_reload.png; sourceTree = "<group>"; };
		1F47E7850C7575C9009B84BC /* toolbar_seams.png */ = {isa = PBXFileReference; lastKnownFileType = image.png; name = toolbar_seams.png; path = Images/toolbar_seams.png; sourceTree = "<group>"; };
		1F47E7860C7575C9009B84BC /* toolbar_snapshot.png */ = {isa = PBXFileReference; lastKnownFileType = image.png; name = toolbar_snapshot.png; path = Images/toolbar_snapshot.png; sourceTree = "<group>"; };
		1F47E7870C7575C9009B84BC /* toolbar_view.png */ = {isa = PBXFileReference; lastKnownFileType = image.png; name = toolbar_view.png; path = Images/toolbar_view.png; sourceTree = "<group>"; };
		1F47E7880C7575C9009B84BC /* toolbar_wireframe.png */ = {isa = PBXFileReference; lastKnownFileType = image.png; name = toolbar_wireframe.png; path = Images/toolbar_wireframe.png; sourceTree = "<group>"; };
		1F47E7950C75768F009B84BC /* examine.png */ = {isa = PBXFileReference; lastKnownFileType = image.png; name = examine.png; path = Images/examine.png; sourceTree = "<group>"; };
		1F47E7960C75768F009B84BC /* flythrough.png */ = {isa = PBXFileReference; lastKnownFileType = image.png; name = flythrough.png; path = Images/flythrough.png; sourceTree = "<group>"; };
		1F5A35610D9627E70072BAE3 /* English */ = {isa = PBXFileReference; lastKnownFileType = wrapper.nib; name = English; path = English.lproj/PartsList.nib; sourceTree = "<group>"; };
		1F5A35650D9629220072BAE3 /* PartsList.h */ = {isa = PBXFileReference; fileEncoding = 30; lastKnownFileType = sourcecode.c.h; path = PartsList.h; sourceTree = "<group>"; };
		1F5A35660D9629220072BAE3 /* PartsList.mm */ = {isa = PBXFileReference; fileEncoding = 30; lastKnownFileType = sourcecode.cpp.objcpp; path = PartsList.mm; sourceTree = "<group>"; };
		1F5A35AD0D962E410072BAE3 /* LDViewCategories.h */ = {isa = PBXFileReference; fileEncoding = 4; lastKnownFileType = sourcecode.c.h; path = LDViewCategories.h; sourceTree = "<group>"; };
		1F5A35AE0D962E410072BAE3 /* LDViewCategories.mm */ = {isa = PBXFileReference; fileEncoding = 4; lastKnownFileType = sourcecode.cpp.objcpp; path = LDViewCategories.mm; sourceTree = "<group>"; };
		1F6122D20C78F68600548053 /* ErrorItem.h */ = {isa = PBXFileReference; fileEncoding = 4; lastKnownFileType = sourcecode.c.h; path = ErrorItem.h; sourceTree = "<group>"; };
		1F6122D30C78F68600548053 /* ErrorItem.mm */ = {isa = PBXFileReference; fileEncoding = 4; lastKnownFileType = sourcecode.cpp.objcpp; path = ErrorItem.mm; sourceTree = "<group>"; };
		1F6125610C793C0700548053 /* error_colinear.png */ = {isa = PBXFileReference; lastKnownFileType = image.png; name = error_colinear.png; path = Images/error_colinear.png; sourceTree = "<group>"; };
		1F6125620C793C0700548053 /* error_color.png */ = {isa = PBXFileReference; lastKnownFileType = image.png; name = error_color.png; path = Images/error_color.png; sourceTree = "<group>"; };
		1F6125630C793C0700548053 /* error_concave_quad.png */ = {isa = PBXFileReference; lastKnownFileType = image.png; name = error_concave_quad.png; path = Images/error_concave_quad.png; sourceTree = "<group>"; };
		1F6125640C793C0700548053 /* error_determinant.png */ = {isa = PBXFileReference; lastKnownFileType = image.png; name = error_determinant.png; path = Images/error_determinant.png; sourceTree = "<group>"; };
		1F6125650C793C0700548053 /* error_fnf.png */ = {isa = PBXFileReference; lastKnownFileType = image.png; name = error_fnf.png; path = Images/error_fnf.png; sourceTree = "<group>"; };
		1F6125660C793C0700548053 /* error_info.png */ = {isa = PBXFileReference; lastKnownFileType = image.png; name = error_info.png; path = Images/error_info.png; sourceTree = "<group>"; };
		1F6125670C793C0700548053 /* error_loop.png */ = {isa = PBXFileReference; lastKnownFileType = image.png; name = error_loop.png; path = Images/error_loop.png; sourceTree = "<group>"; };
		1F6125680C793C0700548053 /* error_matching_points.png */ = {isa = PBXFileReference; lastKnownFileType = image.png; name = error_matching_points.png; path = Images/error_matching_points.png; sourceTree = "<group>"; };
		1F6125690C793C0700548053 /* error_matrix.png */ = {isa = PBXFileReference; lastKnownFileType = image.png; name = error_matrix.png; path = Images/error_matrix.png; sourceTree = "<group>"; };
		1F61256A0C793C0700548053 /* error_non_flat_quad.png */ = {isa = PBXFileReference; lastKnownFileType = image.png; name = error_non_flat_quad.png; path = Images/error_non_flat_quad.png; sourceTree = "<group>"; };
		1F61256B0C793C0700548053 /* error_parse.png */ = {isa = PBXFileReference; lastKnownFileType = image.png; name = error_parse.png; path = Images/error_parse.png; sourceTree = "<group>"; };
		1F61256C0C793C0700548053 /* error_vertex_order.png */ = {isa = PBXFileReference; lastKnownFileType = image.png; name = error_vertex_order.png; path = Images/error_vertex_order.png; sourceTree = "<group>"; };
		1F70FAD30C5734D5009E51B6 /* MyResizeCorner.png */ = {isa = PBXFileReference; lastKnownFileType = image.png; name = MyResizeCorner.png; path = Images/MyResizeCorner.png; sourceTree = "<group>"; };
		1F7472150CC32ABA00D6DB68 /* SnapshotTaker.h */ = {isa = PBXFileReference; fileEncoding = 4; lastKnownFileType = sourcecode.c.h; path = SnapshotTaker.h; sourceTree = "<group>"; };
		1F7472160CC32ABA00D6DB68 /* SnapshotTaker.mm */ = {isa = PBXFileReference; fileEncoding = 4; lastKnownFileType = sourcecode.cpp.objcpp; path = SnapshotTaker.mm; sourceTree = "<group>"; };
		1F8418E50D358B9900FAF665 /* English */ = {isa = PBXFileReference; lastKnownFileType = wrapper.nib; name = English; path = English.lproj/JpegOptions.nib; sourceTree = "<group>"; };
		1F8418E80D35902600FAF665 /* JpegOptions.h */ = {isa = PBXFileReference; fileEncoding = 30; lastKnownFileType = sourcecode.c.h; path = JpegOptions.h; sourceTree = "<group>"; };
		1F8418E90D35902600FAF665 /* JpegOptions.mm */ = {isa = PBXFileReference; fileEncoding = 30; lastKnownFileType = sourcecode.cpp.objcpp; path = JpegOptions.mm; sourceTree = "<group>"; };
		1F92F61D0A5A267C00AE8086 /* LDView.icns */ = {isa = PBXFileReference; lastKnownFileType = image.icns; path = LDView.icns; sourceTree = "<group>"; };
		1F9BB9040D9F351500B06DDE /* SnapshotAlertHandler.h */ = {isa = PBXFileReference; fileEncoding = 4; lastKnownFileType = sourcecode.c.h; path = SnapshotAlertHandler.h; sourceTree = "<group>"; };
		1F9BB9050D9F351500B06DDE /* SnapshotAlertHandler.mm */ = {isa = PBXFileReference; fileEncoding = 4; lastKnownFileType = sourcecode.cpp.objcpp; path = SnapshotAlertHandler.mm; sourceTree = "<group>"; };
		1FBE9DD60CD3F3D200334DA9 /* SaveSnapshotViewOwner.h */ = {isa = PBXFileReference; fileEncoding = 4; lastKnownFileType = sourcecode.c.h; path = SaveSnapshotViewOwner.h; sourceTree = "<group>"; };
		1FBE9DD70CD3F3D200334DA9 /* SaveSnapshotViewOwner.mm */ = {isa = PBXFileReference; fileEncoding = 4; lastKnownFileType = sourcecode.cpp.objcpp; path = SaveSnapshotViewOwner.mm; sourceTree = "<group>"; };
		1FBE9E1C0CD3F66500334DA9 /* English */ = {isa = PBXFileReference; lastKnownFileType = wrapper.nib; name = English; path = English.lproj/SaveSnapshotView.nib; sourceTree = "<group>"; };
		1FBE9E370CD3FA2200334DA9 /* ViewOwnerBase.h */ = {isa = PBXFileReference; fileEncoding = 4; lastKnownFileType = sourcecode.c.h; path = ViewOwnerBase.h; sourceTree = "<group>"; };
		1FBE9E380CD3FA2200334DA9 /* ViewOwnerBase.mm */ = {isa = PBXFileReference; fileEncoding = 4; lastKnownFileType = sourcecode.cpp.objcpp; path = ViewOwnerBase.mm; sourceTree = "<group>"; };
		1FCD57230CCBFDCD005EDCE4 /* CommandLineSnapshot.h */ = {isa = PBXFileReference; fileEncoding = 4; lastKnownFileType = sourcecode.c.h; path = CommandLineSnapshot.h; sourceTree = "<group>"; };
		1FCD57240CCBFDCD005EDCE4 /* CommandLineSnapshot.mm */ = {isa = PBXFileReference; fileEncoding = 4; lastKnownFileType = sourcecode.cpp.objcpp; path = CommandLineSnapshot.mm; sourceTree = "<group>"; };
		1FD4D8300BA4CF8900419677 /* English */ = {isa = PBXFileReference; lastKnownFileType = wrapper.nib; name = English; path = English.lproj/ModelWindow.nib; sourceTree = "<group>"; };
		1FD4D8340BA4D00E00419677 /* English */ = {isa = PBXFileReference; lastKnownFileType = wrapper.nib; name = English; path = English.lproj/Preferences.nib; sourceTree = "<group>"; };
		1FD4D8370BA4D3F400419677 /* LightAngleUL.png */ = {isa = PBXFileReference; lastKnownFileType = image.png; name = LightAngleUL.png; path = ../../Icons/LightAngleUL.png; sourceTree = "<group>"; };
		1FD4D83B0BA4D52800419677 /* LightAngleLL.png */ = {isa = PBXFileReference; lastKnownFileType = image.png; name = LightAngleLL.png; path = ../../Icons/LightAngleLL.png; sourceTree = "<group>"; };
		1FD4D83C0BA4D52800419677 /* LightAngleLM.png */ = {isa = PBXFileReference; lastKnownFileType = image.png; name = LightAngleLM.png; path = ../../Icons/LightAngleLM.png; sourceTree = "<group>"; };
		1FD4D83D0BA4D52800419677 /* LightAngleLR.png */ = {isa = PBXFileReference; lastKnownFileType = image.png; name = LightAngleLR.png; path = ../../Icons/LightAngleLR.png; sourceTree = "<group>"; };
		1FD4D83E0BA4D52800419677 /* LightAngleML.png */ = {isa = PBXFileReference; lastKnownFileType = image.png; name = LightAngleML.png; path = ../../Icons/LightAngleML.png; sourceTree = "<group>"; };
		1FD4D83F0BA4D52800419677 /* LightAngleMM.png */ = {isa = PBXFileReference; lastKnownFileType = image.png; name = LightAngleMM.png; path = ../../Icons/LightAngleMM.png; sourceTree = "<group>"; };
		1FD4D8400BA4D52800419677 /* LightAngleMR.png */ = {isa = PBXFileReference; lastKnownFileType = image.png; name = LightAngleMR.png; path = ../../Icons/LightAngleMR.png; sourceTree = "<group>"; };
		1FD4D8410BA4D52800419677 /* LightAngleUM.png */ = {isa = PBXFileReference; lastKnownFileType = image.png; name = LightAngleUM.png; path = ../../Icons/LightAngleUM.png; sourceTree = "<group>"; };
		1FD4D8420BA4D52800419677 /* LightAngleUR.png */ = {isa = PBXFileReference; lastKnownFileType = image.png; name = LightAngleUR.png; path = ../../Icons/LightAngleUR.png; sourceTree = "<group>"; };
		1FD98B8C0D975813006DBC00 /* TableViewReorder.h */ = {isa = PBXFileReference; fileEncoding = 4; lastKnownFileType = sourcecode.c.h; path = TableViewReorder.h; sourceTree = "<group>"; };
		1FD98B8D0D975813006DBC00 /* TableViewReorder.mm */ = {isa = PBXFileReference; fileEncoding = 4; lastKnownFileType = sourcecode.cpp.objcpp; path = TableViewReorder.mm; sourceTree = "<group>"; };
		1FE251F80C6FD26800FAE201 /* ToolbarSegmentedControl.h */ = {isa = PBXFileReference; fileEncoding = 4; lastKnownFileType = sourcecode.c.h; name = ToolbarSegmentedControl.h; path = CustomControls/ToolbarSegmentedControl.h; sourceTree = "<group>"; };
		1FE251F90C6FD26800FAE201 /* ToolbarSegmentedControl.m */ = {isa = PBXFileReference; fileEncoding = 4; lastKnownFileType = sourcecode.c.objc; name = ToolbarSegmentedControl.m; path = CustomControls/ToolbarSegmentedControl.m; sourceTree = "<group>"; };
		1FE252010C6FD2CF00FAE201 /* ToolbarSegmentedCell.h */ = {isa = PBXFileReference; fileEncoding = 4; lastKnownFileType = sourcecode.c.h; name = ToolbarSegmentedCell.h; path = CustomControls/ToolbarSegmentedCell.h; sourceTree = "<group>"; };
		1FE252020C6FD2CF00FAE201 /* ToolbarSegmentedCell.m */ = {isa = PBXFileReference; fileEncoding = 4; lastKnownFileType = sourcecode.c.objc; name = ToolbarSegmentedCell.m; path = CustomControls/ToolbarSegmentedCell.m; sourceTree = "<group>"; };
		1FE252F70C6FF97800FAE201 /* ToolbarPopUpButton.h */ = {isa = PBXFileReference; fileEncoding = 30; lastKnownFileType = sourcecode.c.h; name = ToolbarPopUpButton.h; path = CustomControls/ToolbarPopUpButton.h; sourceTree = "<group>"; };
		1FE252F80C6FF97800FAE201 /* ToolbarPopUpButton.m */ = {isa = PBXFileReference; fileEncoding = 30; lastKnownFileType = sourcecode.c.objc; name = ToolbarPopUpButton.m; path = CustomControls/ToolbarPopUpButton.m; sourceTree = "<group>"; };
		1FE252F90C6FF97800FAE201 /* ToolbarPopUpButtonCell.h */ = {isa = PBXFileReference; fileEncoding = 30; lastKnownFileType = sourcecode.c.h; name = ToolbarPopUpButtonCell.h; path = CustomControls/ToolbarPopUpButtonCell.h; sourceTree = "<group>"; };
		1FE252FA0C6FF97800FAE201 /* ToolbarPopUpButtonCell.m */ = {isa = PBXFileReference; fileEncoding = 30; lastKnownFileType = sourcecode.c.objc; name = ToolbarPopUpButtonCell.m; path = CustomControls/ToolbarPopUpButtonCell.m; sourceTree = "<group>"; };
		1FE965B00C5D595A00C80B59 /* English */ = {isa = PBXFileReference; lastKnownFileType = wrapper.nib; name = English; path = English.lproj/PrefSetNew.nib; sourceTree = "<group>"; };
		1FE965B20C5D596D00C80B59 /* PrefSetNewSheet.h */ = {isa = PBXFileReference; fileEncoding = 30; lastKnownFileType = sourcecode.c.h; path = PrefSetNewSheet.h; sourceTree = "<group>"; };
		1FE965B30C5D596D00C80B59 /* PrefSetNewSheet.mm */ = {isa = PBXFileReference; fileEncoding = 30; lastKnownFileType = sourcecode.cpp.objcpp; path = PrefSetNewSheet.mm; sourceTree = "<group>"; };
		1FE965B90C5D59E700C80B59 /* GenericSheet.h */ = {isa = PBXFileReference; fileEncoding = 4; lastKnownFileType = sourcecode.c.h; path = GenericSheet.h; sourceTree = "<group>"; };
		1FE965BA0C5D59E700C80B59 /* GenericSheet.mm */ = {isa = PBXFileReference; fileEncoding = 4; lastKnownFileType = sourcecode.cpp.objcpp; path = GenericSheet.mm; sourceTree = "<group>"; };
		1FFC7DC70C5C095F004B8A2F /* English */ = {isa = PBXFileReference; lastKnownFileType = wrapper.nib; name = English; path = English.lproj/PrefSetHotKey.nib; sourceTree = "<group>"; };
		1FFC7DCA0C5C61C3004B8A2F /* PrefSetHotKeySheet.h */ = {isa = PBXFileReference; fileEncoding = 30; lastKnownFileType = sourcecode.c.h; path = PrefSetHotKeySheet.h; sourceTree = "<group>"; };
		1FFC7DCB0C5C61C3004B8A2F /* PrefSetHotKeySheet.mm */ = {isa = PBXFileReference; fileEncoding = 30; lastKnownFileType = sourcecode.cpp.objcpp; path = PrefSetHotKeySheet.mm; sourceTree = "<group>"; };
		29B97316FDCFA39411CA2CEA /* main.m */ = {isa = PBXFileReference; explicitFileType = sourcecode.c.objc; fileEncoding = 4; path = main.m; sourceTree = "<group>"; };
		29B97319FDCFA39411CA2CEA /* English */ = {isa = PBXFileReference; lastKnownFileType = wrapper.nib; name = English; path = English.lproj/MainMenu.nib; sourceTree = "<group>"; };
		29B97324FDCFA39411CA2CEA /* AppKit.framework */ = {isa = PBXFileReference; lastKnownFileType = wrapper.framework; name = AppKit.framework; path = /System/Library/Frameworks/AppKit.framework; sourceTree = "<absolute>"; };
		29B97325FDCFA39411CA2CEA /* Foundation.framework */ = {isa = PBXFileReference; lastKnownFileType = wrapper.framework; name = Foundation.framework; path = /System/Library/Frameworks/Foundation.framework; sourceTree = "<absolute>"; };
		32CA4F630368D1EE00C91783 /* LDView_Prefix.pch */ = {isa = PBXFileReference; fileEncoding = 4; lastKnownFileType = sourcecode.c.h; path = LDView_Prefix.pch; sourceTree = "<group>"; };
		8D1107310486CEB800E47090 /* Info.plist */ = {isa = PBXFileReference; fileEncoding = 4; lastKnownFileType = text.plist; path = Info.plist; sourceTree = "<group>"; };
		8D1107320486CEB800E47090 /* LDView.app */ = {isa = PBXFileReference; explicitFileType = wrapper.application; includeInIndex = 0; path = LDView.app; sourceTree = BUILT_PRODUCTS_DIR; };
/* End PBXFileReference section */

/* Begin PBXFrameworksBuildPhase section */
		8D11072E0486CEB800E47090 /* Frameworks */ = {
			isa = PBXFrameworksBuildPhase;
			buildActionMask = 2147483647;
			files = (
				8D11072F0486CEB800E47090 /* Cocoa.framework in Frameworks */,
				1F240BE30A58D11D00691116 /* libLDLib.a in Frameworks */,
				1F240BE50A58D12C00691116 /* libLDLoader.a in Frameworks */,
				1F240BE60A58D12E00691116 /* libTCFoundation.a in Frameworks */,
				1F240BE70A58D13100691116 /* libTRE.a in Frameworks */,
				1F240C030A58D1E400691116 /* OpenGL.framework in Frameworks */,
			);
			runOnlyForDeploymentPostprocessing = 0;
		};
/* End PBXFrameworksBuildPhase section */

/* Begin PBXGroup section */
		080E96DDFE201D6D7F000001 /* Classes */ = {
			isa = PBXGroup;
			children = (
				1F02B0DC0A69EBDC00678F51 /* AlertHandler.h */,
				1F02B0DD0A69EBDC00678F51 /* AlertHandler.cpp */,
				1FCD57230CCBFDCD005EDCE4 /* CommandLineSnapshot.h */,
				1FCD57240CCBFDCD005EDCE4 /* CommandLineSnapshot.mm */,
				1F6122D20C78F68600548053 /* ErrorItem.h */,
				1F6122D30C78F68600548053 /* ErrorItem.mm */,
				1F29FE680C78242000A907CC /* ErrorsAndWarnings.h */,
				1F29FE690C78242000A907CC /* ErrorsAndWarnings.mm */,
				1FE965B90C5D59E700C80B59 /* GenericSheet.h */,
				1FE965BA0C5D59E700C80B59 /* GenericSheet.mm */,
				1F8418E80D35902600FAF665 /* JpegOptions.h */,
				1F8418E90D35902600FAF665 /* JpegOptions.mm */,
				1F240C9F0A58D98400691116 /* LDrawModelView.h */,
				1F240C9E0A58D98400691116 /* LDrawModelView.mm */,
				1F5A35AD0D962E410072BAE3 /* LDViewCategories.h */,
				1F5A35AE0D962E410072BAE3 /* LDViewCategories.mm */,
				1F240BBE0A58AFC300691116 /* LDViewController.h */,
				1F240BBF0A58AFC300691116 /* LDViewController.mm */,
				1F2CAD4A0D8F63D900A98C9A /* ModelTree.h */,
				1F2CAD4B0D8F63D900A98C9A /* ModelTree.mm */,
				1F2CAD980D8F6EFB00A98C9A /* ModelTreeItem.h */,
				1F2CAD990D8F6EFB00A98C9A /* ModelTreeItem.mm */,
				1F240DA30A58E28700691116 /* ModelWindow.h */,
				1F240DA40A58E28700691116 /* ModelWindow.mm */,
				1F20DB170A60C39D00F677AC /* OCLocalStrings.h */,
				1F20DB180A60C39D00F677AC /* OCLocalStrings.mm */,
				1F20DAE70A60BEF900F677AC /* OCUserDefaults.h */,
				1F20DAE80A60BEF900F677AC /* OCUserDefaults.mm */,
				1F5A35650D9629220072BAE3 /* PartsList.h */,
				1F5A35660D9629220072BAE3 /* PartsList.mm */,
				1FBE9DD60CD3F3D200334DA9 /* SaveSnapshotViewOwner.h */,
				1FBE9DD70CD3F3D200334DA9 /* SaveSnapshotViewOwner.mm */,
				1F9BB9040D9F351500B06DDE /* SnapshotAlertHandler.h */,
				1F9BB9050D9F351500B06DDE /* SnapshotAlertHandler.mm */,
				1F7472150CC32ABA00D6DB68 /* SnapshotTaker.h */,
				1F7472160CC32ABA00D6DB68 /* SnapshotTaker.mm */,
				1FD98B8C0D975813006DBC00 /* TableViewReorder.h */,
				1FD98B8D0D975813006DBC00 /* TableViewReorder.mm */,
				1FBE9E370CD3FA2200334DA9 /* ViewOwnerBase.h */,
				1FBE9E380CD3FA2200334DA9 /* ViewOwnerBase.mm */,
				1FE622C60C4AE12E009FA9FF /* Preferences */,
				1FE251FB0C6FD26F00FAE201 /* Custom Controls */,
			);
			name = Classes;
			sourceTree = "<group>";
		};
		1058C7A0FEA54F0111CA2CBB /* Linked Frameworks */ = {
			isa = PBXGroup;
			children = (
				1058C7A1FEA54F0111CA2CBB /* Cocoa.framework */,
			);
			name = "Linked Frameworks";
			sourceTree = "<group>";
		};
		1058C7A2FEA54F0111CA2CBB /* Other Frameworks */ = {
			isa = PBXGroup;
			children = (
				29B97324FDCFA39411CA2CEA /* AppKit.framework */,
				13E42FB307B3F0F600E4EEF1 /* CoreData.framework */,
				29B97325FDCFA39411CA2CEA /* Foundation.framework */,
			);
			name = "Other Frameworks";
			sourceTree = "<group>";
		};
		19C28FACFE9D520D11CA2CBB /* Products */ = {
			isa = PBXGroup;
			children = (
				8D1107320486CEB800E47090 /* LDView.app */,
			);
			name = Products;
			sourceTree = "<group>";
		};
		1F240B970A588B9000691116 /* Products */ = {
			isa = PBXGroup;
			children = (
				1F240B9C0A588B9000691116 /* libTCFoundation.a */,
			);
			name = Products;
			sourceTree = "<group>";
		};
		1F240BA00A588BA700691116 /* Products */ = {
			isa = PBXGroup;
			children = (
				1F240BA50A588BA700691116 /* libLDLoader.a */,
			);
			name = Products;
			sourceTree = "<group>";
		};
		1F240BA70A588BB800691116 /* Products */ = {
			isa = PBXGroup;
			children = (
				1F240BAC0A588BB800691116 /* libLDLib.a */,
			);
			name = Products;
			sourceTree = "<group>";
		};
		1F240BAE0A588BC600691116 /* Products */ = {
			isa = PBXGroup;
			children = (
				1F240BB30A588BC600691116 /* libTRE.a */,
			);
			name = Products;
			sourceTree = "<group>";
		};
		1F240BB40A588BCB00691116 /* Support Projects */ = {
			isa = PBXGroup;
			children = (
				1F240BA60A588BB800691116 /* LDLib.xcodeproj */,
				1F240B9F0A588BA700691116 /* LDLoader.xcodeproj */,
				1F240B960A588B9000691116 /* TCFoundation.xcodeproj */,
				1F240BAD0A588BC600691116 /* TRE.xcodeproj */,
			);
			name = "Support Projects";
			sourceTree = "<group>";
		};
		1FB355130C55C16400216FBE /* Nibs */ = {
			isa = PBXGroup;
			children = (
				1F29FE640C7811B200A907CC /* ErrorsAndWarnings.nib */,
				1F8418E40D358B9900FAF665 /* JpegOptions.nib */,
				29B97318FDCFA39411CA2CEA /* MainMenu.nib */,
				1FD4D82F0BA4CF8900419677 /* ModelWindow.nib */,
				1F2CAD470D8F63A600A98C9A /* ModelTree.nib */,
				1FD4D8330BA4D00E00419677 /* Preferences.nib */,
				1FFC7DC60C5C095F004B8A2F /* PrefSetHotKey.nib */,
				1FE965AF0C5D595A00C80B59 /* PrefSetNew.nib */,
				1FBE9E1B0CD3F66500334DA9 /* SaveSnapshotView.nib */,
				1F5A35600D9627E70072BAE3 /* PartsList.nib */,
			);
			name = Nibs;
			sourceTree = "<group>";
		};
		1FE251FB0C6FD26F00FAE201 /* Custom Controls */ = {
			isa = PBXGroup;
			children = (
				1FE252F70C6FF97800FAE201 /* ToolbarPopUpButton.h */,
				1FE252F80C6FF97800FAE201 /* ToolbarPopUpButton.m */,
				1FE252F90C6FF97800FAE201 /* ToolbarPopUpButtonCell.h */,
				1FE252FA0C6FF97800FAE201 /* ToolbarPopUpButtonCell.m */,
				1FE252010C6FD2CF00FAE201 /* ToolbarSegmentedCell.h */,
				1FE252020C6FD2CF00FAE201 /* ToolbarSegmentedCell.m */,
				1FE251F80C6FD26800FAE201 /* ToolbarSegmentedControl.h */,
				1FE251F90C6FD26800FAE201 /* ToolbarSegmentedControl.m */,
			);
			name = "Custom Controls";
			sourceTree = "<group>";
		};
		1FE622C60C4AE12E009FA9FF /* Preferences */ = {
			isa = PBXGroup;
			children = (
				1F2031EB0C49DF4E009B7720 /* EffectsPage.h */,
				1F2031EC0C49DF4E009B7720 /* EffectsPage.mm */,
				1F2031F10C49DF5D009B7720 /* GeneralPage.h */,
				1F2031F20C49DF5D009B7720 /* GeneralPage.mm */,
				1F2031F40C49DF64009B7720 /* GeometryPage.h */,
				1F2031F50C49DF64009B7720 /* GeometryPage.mm */,
				1F10399F0D97064E00D01B28 /* LDrawPage.h */,
				1F10399E0D97064E00D01B28 /* LDrawPage.mm */,
				1F2031EF0C49DF58009B7720 /* PreferencePage.h */,
				1F2031EE0C49DF58009B7720 /* PreferencePage.mm */,
				1F2031E90C49DF3B009B7720 /* Preferences.h */,
				1F2031E80C49DF3B009B7720 /* Preferences.mm */,
				1FFC7DCA0C5C61C3004B8A2F /* PrefSetHotKeySheet.h */,
				1FFC7DCB0C5C61C3004B8A2F /* PrefSetHotKeySheet.mm */,
				1FE965B20C5D596D00C80B59 /* PrefSetNewSheet.h */,
				1FE965B30C5D596D00C80B59 /* PrefSetNewSheet.mm */,
				1F2031F80C49DF69009B7720 /* PrefSetsPage.h */,
				1F2031F70C49DF69009B7720 /* PrefSetsPage.mm */,
				1F2031FA0C49DF6D009B7720 /* PrimitivesPage.h */,
				1F2031FB0C49DF6D009B7720 /* PrimitivesPage.mm */,
				1F2031FD0C49DF72009B7720 /* UpdatesPage.h */,
				1F2031FE0C49DF72009B7720 /* UpdatesPage.mm */,
			);
			name = Preferences;
			sourceTree = "<group>";
		};
		29B97314FDCFA39411CA2CEA /* LDView */ = {
			isa = PBXGroup;
			children = (
				1F240BB40A588BCB00691116 /* Support Projects */,
				080E96DDFE201D6D7F000001 /* Classes */,
				29B97315FDCFA39411CA2CEA /* Other Sources */,
				29B97317FDCFA39411CA2CEA /* Resources */,
				29B97323FDCFA39411CA2CEA /* Frameworks */,
				19C28FACFE9D520D11CA2CBB /* Products */,
			);
			name = LDView;
			sourceTree = "<group>";
		};
		29B97315FDCFA39411CA2CEA /* Other Sources */ = {
			isa = PBXGroup;
			children = (
				32CA4F630368D1EE00C91783 /* LDView_Prefix.pch */,
				29B97316FDCFA39411CA2CEA /* main.m */,
			);
			name = "Other Sources";
			sourceTree = "<group>";
		};
		29B97317FDCFA39411CA2CEA /* Resources */ = {
			isa = PBXGroup;
			children = (
				1F6125610C793C0700548053 /* error_colinear.png */,
				1F6125620C793C0700548053 /* error_color.png */,
				1F6125630C793C0700548053 /* error_concave_quad.png */,
				1F6125640C793C0700548053 /* error_determinant.png */,
				1F6125650C793C0700548053 /* error_fnf.png */,
				1F6125660C793C0700548053 /* error_info.png */,
				1F6125670C793C0700548053 /* error_loop.png */,
				1F6125680C793C0700548053 /* error_matching_points.png */,
				1F6125690C793C0700548053 /* error_matrix.png */,
				1F61256A0C793C0700548053 /* error_non_flat_quad.png */,
				1F61256B0C793C0700548053 /* error_parse.png */,
				1F61256C0C793C0700548053 /* error_vertex_order.png */,
				1F47E7950C75768F009B84BC /* examine.png */,
				1F47E7960C75768F009B84BC /* flythrough.png */,
				1F47E77E0C7575C9009B84BC /* toolbar_bfc.png */,
				1F47E77F0C7575C9009B84BC /* toolbar_edge.png */,
				1F47E7800C7575C9009B84BC /* toolbar_light.png */,
				1F47E7810C7575C9009B84BC /* toolbar_open.png */,
				1F47E7820C7575C9009B84BC /* toolbar_preferences.png */,
				1F47E7830C7575C9009B84BC /* toolbar_primsubs.png */,
				1F47E7840C7575C9009B84BC /* toolbar_reload.png */,
				1F47E7850C7575C9009B84BC /* toolbar_seams.png */,
				1F47E7860C7575C9009B84BC /* toolbar_snapshot.png */,
				1F47E7870C7575C9009B84BC /* toolbar_view.png */,
				1F47E7880C7575C9009B84BC /* toolbar_wireframe.png */,
				1F39B71E0C619E35004CE068 /* LDViewMessages.ini */,
				1F70FAD30C5734D5009E51B6 /* MyResizeCorner.png */,
				1FD4D83B0BA4D52800419677 /* LightAngleLL.png */,
				1FD4D83C0BA4D52800419677 /* LightAngleLM.png */,
				1FD4D83D0BA4D52800419677 /* LightAngleLR.png */,
				1FD4D83E0BA4D52800419677 /* LightAngleML.png */,
				1FD4D83F0BA4D52800419677 /* LightAngleMM.png */,
				1FD4D8400BA4D52800419677 /* LightAngleMR.png */,
				1FD4D8410BA4D52800419677 /* LightAngleUM.png */,
				1FD4D8420BA4D52800419677 /* LightAngleUR.png */,
				1FD4D8370BA4D3F400419677 /* LightAngleUL.png */,
				1F20D6F30A5F759C00F677AC /* SansSerif.fnt */,
				1F20D6510A5F6F8200F677AC /* StudLogo.png */,
				1F92F61D0A5A267C00AE8086 /* LDView.icns */,
				8D1107310486CEB800E47090 /* Info.plist */,
				089C165CFE840E0CC02AAC07 /* InfoPlist.strings */,
				1FB355130C55C16400216FBE /* Nibs */,
			);
			name = Resources;
			sourceTree = "<group>";
		};
		29B97323FDCFA39411CA2CEA /* Frameworks */ = {
			isa = PBXGroup;
			children = (
				1F240C020A58D1E400691116 /* OpenGL.framework */,
				1058C7A0FEA54F0111CA2CBB /* Linked Frameworks */,
				1058C7A2FEA54F0111CA2CBB /* Other Frameworks */,
			);
			name = Frameworks;
			sourceTree = "<group>";
		};
/* End PBXGroup section */

/* Begin PBXNativeTarget section */
		8D1107260486CEB800E47090 /* LDView */ = {
			isa = PBXNativeTarget;
			buildConfigurationList = C01FCF4A08A954540054247B /* Build configuration list for PBXNativeTarget "LDView" */;
			buildPhases = (
				8D1107290486CEB800E47090 /* Resources */,
				8D11072C0486CEB800E47090 /* Sources */,
				8D11072E0486CEB800E47090 /* Frameworks */,
			);
			buildRules = (
			);
			dependencies = (
				1F6A747F0C4DEEFF00DAF5C8 /* PBXTargetDependency */,
				1F6A74810C4DEF0800DAF5C8 /* PBXTargetDependency */,
				1F6A74830C4DEF0C00DAF5C8 /* PBXTargetDependency */,
				1F6A74850C4DEF1000DAF5C8 /* PBXTargetDependency */,
			);
			name = LDView;
			productInstallPath = "$(HOME)/Applications";
			productName = LDView;
			productReference = 8D1107320486CEB800E47090 /* LDView.app */;
			productType = "com.apple.product-type.application";
		};
/* End PBXNativeTarget section */

/* Begin PBXProject section */
		29B97313FDCFA39411CA2CEA /* Project object */ = {
			isa = PBXProject;
			buildConfigurationList = C01FCF4E08A954540054247B /* Build configuration list for PBXProject "LDView" */;
			hasScannedForEncodings = 1;
			mainGroup = 29B97314FDCFA39411CA2CEA /* LDView */;
			projectDirPath = "";
			projectReferences = (
				{
					ProductGroup = 1F240BA70A588BB800691116 /* Products */;
					ProjectRef = 1F240BA60A588BB800691116 /* LDLib.xcodeproj */;
				},
				{
					ProductGroup = 1F240BA00A588BA700691116 /* Products */;
					ProjectRef = 1F240B9F0A588BA700691116 /* LDLoader.xcodeproj */;
				},
				{
					ProductGroup = 1F240B970A588B9000691116 /* Products */;
					ProjectRef = 1F240B960A588B9000691116 /* TCFoundation.xcodeproj */;
				},
				{
					ProductGroup = 1F240BAE0A588BC600691116 /* Products */;
					ProjectRef = 1F240BAD0A588BC600691116 /* TRE.xcodeproj */;
				},
			);
			targets = (
				8D1107260486CEB800E47090 /* LDView */,
			);
		};
/* End PBXProject section */

/* Begin PBXReferenceProxy section */
		1F240B9C0A588B9000691116 /* libTCFoundation.a */ = {
			isa = PBXReferenceProxy;
			fileType = archive.ar;
			path = libTCFoundation.a;
			remoteRef = 1F240B9B0A588B9000691116 /* PBXContainerItemProxy */;
			sourceTree = BUILT_PRODUCTS_DIR;
		};
		1F240BA50A588BA700691116 /* libLDLoader.a */ = {
			isa = PBXReferenceProxy;
			fileType = archive.ar;
			path = libLDLoader.a;
			remoteRef = 1F240BA40A588BA700691116 /* PBXContainerItemProxy */;
			sourceTree = BUILT_PRODUCTS_DIR;
		};
		1F240BAC0A588BB800691116 /* libLDLib.a */ = {
			isa = PBXReferenceProxy;
			fileType = archive.ar;
			path = libLDLib.a;
			remoteRef = 1F240BAB0A588BB800691116 /* PBXContainerItemProxy */;
			sourceTree = BUILT_PRODUCTS_DIR;
		};
		1F240BB30A588BC600691116 /* libTRE.a */ = {
			isa = PBXReferenceProxy;
			fileType = archive.ar;
			path = libTRE.a;
			remoteRef = 1F240BB20A588BC600691116 /* PBXContainerItemProxy */;
			sourceTree = BUILT_PRODUCTS_DIR;
		};
/* End PBXReferenceProxy section */

/* Begin PBXResourcesBuildPhase section */
		8D1107290486CEB800E47090 /* Resources */ = {
			isa = PBXResourcesBuildPhase;
			buildActionMask = 2147483647;
			files = (
				8D11072A0486CEB800E47090 /* MainMenu.nib in Resources */,
				8D11072B0486CEB800E47090 /* InfoPlist.strings in Resources */,
				1F92F61E0A5A267C00AE8086 /* LDView.icns in Resources */,
				1F20D6520A5F6F8200F677AC /* StudLogo.png in Resources */,
				1F20D6F40A5F759C00F677AC /* SansSerif.fnt in Resources */,
				1FD4D8310BA4CF8900419677 /* ModelWindow.nib in Resources */,
				1FD4D8350BA4D00E00419677 /* Preferences.nib in Resources */,
				1FD4D8380BA4D3F400419677 /* LightAngleUL.png in Resources */,
				1FD4D8430BA4D52800419677 /* LightAngleLL.png in Resources */,
				1FD4D8440BA4D52800419677 /* LightAngleLM.png in Resources */,
				1FD4D8450BA4D52800419677 /* LightAngleLR.png in Resources */,
				1FD4D8460BA4D52800419677 /* LightAngleML.png in Resources */,
				1FD4D8470BA4D52800419677 /* LightAngleMM.png in Resources */,
				1FD4D8480BA4D52800419677 /* LightAngleMR.png in Resources */,
				1FD4D8490BA4D52800419677 /* LightAngleUM.png in Resources */,
				1FD4D84A0BA4D52800419677 /* LightAngleUR.png in Resources */,
				1F70FAD40C5734D5009E51B6 /* MyResizeCorner.png in Resources */,
				1FFC7DC80C5C095F004B8A2F /* PrefSetHotKey.nib in Resources */,
				1FE965B10C5D595A00C80B59 /* PrefSetNew.nib in Resources */,
				1F39B71F0C619E35004CE068 /* LDViewMessages.ini in Resources */,
				1F47E7890C7575C9009B84BC /* toolbar_bfc.png in Resources */,
				1F47E78A0C7575C9009B84BC /* toolbar_edge.png in Resources */,
				1F47E78B0C7575C9009B84BC /* toolbar_light.png in Resources */,
				1F47E78C0C7575C9009B84BC /* toolbar_open.png in Resources */,
				1F47E78D0C7575C9009B84BC /* toolbar_preferences.png in Resources */,
				1F47E78E0C7575C9009B84BC /* toolbar_primsubs.png in Resources */,
				1F47E78F0C7575C9009B84BC /* toolbar_reload.png in Resources */,
				1F47E7900C7575C9009B84BC /* toolbar_seams.png in Resources */,
				1F47E7910C7575C9009B84BC /* toolbar_snapshot.png in Resources */,
				1F47E7920C7575C9009B84BC /* toolbar_view.png in Resources */,
				1F47E7930C7575C9009B84BC /* toolbar_wireframe.png in Resources */,
				1F47E7970C75768F009B84BC /* examine.png in Resources */,
				1F47E7980C75768F009B84BC /* flythrough.png in Resources */,
				1F29FE660C7811B200A907CC /* ErrorsAndWarnings.nib in Resources */,
				1F61256D0C793C0700548053 /* error_colinear.png in Resources */,
				1F61256E0C793C0700548053 /* error_color.png in Resources */,
				1F61256F0C793C0700548053 /* error_concave_quad.png in Resources */,
				1F6125700C793C0700548053 /* error_determinant.png in Resources */,
				1F6125710C793C0700548053 /* error_fnf.png in Resources */,
				1F6125720C793C0700548053 /* error_info.png in Resources */,
				1F6125730C793C0700548053 /* error_loop.png in Resources */,
				1F6125740C793C0700548053 /* error_matching_points.png in Resources */,
				1F6125750C793C0700548053 /* error_matrix.png in Resources */,
				1F6125760C793C0700548053 /* error_non_flat_quad.png in Resources */,
				1F6125770C793C0700548053 /* error_parse.png in Resources */,
				1F6125780C793C0700548053 /* error_vertex_order.png in Resources */,
				1FBE9E1D0CD3F66500334DA9 /* SaveSnapshotView.nib in Resources */,
				1F8418E60D358B9900FAF665 /* JpegOptions.nib in Resources */,
				1F2CAD490D8F63A600A98C9A /* ModelTree.nib in Resources */,
				1F5A35620D9627E70072BAE3 /* PartsList.nib in Resources */,
			);
			runOnlyForDeploymentPostprocessing = 0;
		};
/* End PBXResourcesBuildPhase section */

/* Begin PBXSourcesBuildPhase section */
		8D11072C0486CEB800E47090 /* Sources */ = {
			isa = PBXSourcesBuildPhase;
			buildActionMask = 2147483647;
			files = (
				8D11072D0486CEB800E47090 /* main.m in Sources */,
				1F240BC00A58AFC300691116 /* LDViewController.mm in Sources */,
				1F240CA00A58D98400691116 /* LDrawModelView.mm in Sources */,
				1F240DA50A58E28700691116 /* ModelWindow.mm in Sources */,
				1F20DAE90A60BEF900F677AC /* OCUserDefaults.mm in Sources */,
				1F20DB190A60C39D00F677AC /* OCLocalStrings.mm in Sources */,
				1F02B0DE0A69EBDC00678F51 /* AlertHandler.cpp in Sources */,
				1F2031EA0C49DF3B009B7720 /* Preferences.mm in Sources */,
				1F2031ED0C49DF4E009B7720 /* EffectsPage.mm in Sources */,
				1F2031F00C49DF58009B7720 /* PreferencePage.mm in Sources */,
				1F2031F30C49DF5D009B7720 /* GeneralPage.mm in Sources */,
				1F2031F60C49DF64009B7720 /* GeometryPage.mm in Sources */,
				1F2031F90C49DF69009B7720 /* PrefSetsPage.mm in Sources */,
				1F2031FC0C49DF6D009B7720 /* PrimitivesPage.mm in Sources */,
				1F2031FF0C49DF72009B7720 /* UpdatesPage.mm in Sources */,
				1FFC7DCC0C5C61C3004B8A2F /* PrefSetHotKeySheet.mm in Sources */,
				1FE965B40C5D596D00C80B59 /* PrefSetNewSheet.mm in Sources */,
				1FE965BB0C5D59E700C80B59 /* GenericSheet.mm in Sources */,
				1FE251FA0C6FD26800FAE201 /* ToolbarSegmentedControl.m in Sources */,
				1FE252030C6FD2CF00FAE201 /* ToolbarSegmentedCell.m in Sources */,
				1FE252FB0C6FF97800FAE201 /* ToolbarPopUpButton.m in Sources */,
				1FE252FC0C6FF97800FAE201 /* ToolbarPopUpButtonCell.m in Sources */,
				1F29FE6A0C78242000A907CC /* ErrorsAndWarnings.mm in Sources */,
				1F6122D40C78F68600548053 /* ErrorItem.mm in Sources */,
				1F7472170CC32ABA00D6DB68 /* SnapshotTaker.mm in Sources */,
				1FCD57250CCBFDCD005EDCE4 /* CommandLineSnapshot.mm in Sources */,
				1FBE9DD80CD3F3D200334DA9 /* SaveSnapshotViewOwner.mm in Sources */,
				1FBE9E390CD3FA2200334DA9 /* ViewOwnerBase.mm in Sources */,
				1F8418EA0D35902600FAF665 /* JpegOptions.mm in Sources */,
				1F2CAD4C0D8F63D900A98C9A /* ModelTree.mm in Sources */,
				1F2CAD9A0D8F6EFB00A98C9A /* ModelTreeItem.mm in Sources */,
				1F5A35670D9629220072BAE3 /* PartsList.mm in Sources */,
				1F5A35AF0D962E410072BAE3 /* LDViewCategories.mm in Sources */,
				1F1039A00D97064E00D01B28 /* LDrawPage.mm in Sources */,
				1FD98B8E0D975813006DBC00 /* TableViewReorder.mm in Sources */,
				1F9BB9060D9F351500B06DDE /* SnapshotAlertHandler.mm in Sources */,
			);
			runOnlyForDeploymentPostprocessing = 0;
		};
/* End PBXSourcesBuildPhase section */

/* Begin PBXTargetDependency section */
		1F6A747F0C4DEEFF00DAF5C8 /* PBXTargetDependency */ = {
			isa = PBXTargetDependency;
			name = TCFoundation;
			targetProxy = 1F6A747E0C4DEEFF00DAF5C8 /* PBXContainerItemProxy */;
		};
		1F6A74810C4DEF0800DAF5C8 /* PBXTargetDependency */ = {
			isa = PBXTargetDependency;
			name = LDLib;
			targetProxy = 1F6A74800C4DEF0800DAF5C8 /* PBXContainerItemProxy */;
		};
		1F6A74830C4DEF0C00DAF5C8 /* PBXTargetDependency */ = {
			isa = PBXTargetDependency;
			name = LDLoader;
			targetProxy = 1F6A74820C4DEF0C00DAF5C8 /* PBXContainerItemProxy */;
		};
		1F6A74850C4DEF1000DAF5C8 /* PBXTargetDependency */ = {
			isa = PBXTargetDependency;
			name = TRE;
			targetProxy = 1F6A74840C4DEF1000DAF5C8 /* PBXContainerItemProxy */;
		};
/* End PBXTargetDependency section */

/* Begin PBXVariantGroup section */
		089C165CFE840E0CC02AAC07 /* InfoPlist.strings */ = {
			isa = PBXVariantGroup;
			children = (
				089C165DFE840E0CC02AAC07 /* English */,
			);
			name = InfoPlist.strings;
			sourceTree = "<group>";
		};
		1F29FE640C7811B200A907CC /* ErrorsAndWarnings.nib */ = {
			isa = PBXVariantGroup;
			children = (
				1F29FE650C7811B200A907CC /* English */,
			);
			name = ErrorsAndWarnings.nib;
			sourceTree = "<group>";
		};
		1F2CAD470D8F63A600A98C9A /* ModelTree.nib */ = {
			isa = PBXVariantGroup;
			children = (
				1F2CAD480D8F63A600A98C9A /* English */,
			);
			name = ModelTree.nib;
			sourceTree = "<group>";
		};
		1F5A35600D9627E70072BAE3 /* PartsList.nib */ = {
			isa = PBXVariantGroup;
			children = (
				1F5A35610D9627E70072BAE3 /* English */,
			);
			name = PartsList.nib;
			sourceTree = "<group>";
		};
		1F8418E40D358B9900FAF665 /* JpegOptions.nib */ = {
			isa = PBXVariantGroup;
			children = (
				1F8418E50D358B9900FAF665 /* English */,
			);
			name = JpegOptions.nib;
			sourceTree = "<group>";
		};
		1FBE9E1B0CD3F66500334DA9 /* SaveSnapshotView.nib */ = {
			isa = PBXVariantGroup;
			children = (
				1FBE9E1C0CD3F66500334DA9 /* English */,
			);
			name = SaveSnapshotView.nib;
			sourceTree = "<group>";
		};
		1FD4D82F0BA4CF8900419677 /* ModelWindow.nib */ = {
			isa = PBXVariantGroup;
			children = (
				1FD4D8300BA4CF8900419677 /* English */,
			);
			name = ModelWindow.nib;
			sourceTree = "<group>";
		};
		1FD4D8330BA4D00E00419677 /* Preferences.nib */ = {
			isa = PBXVariantGroup;
			children = (
				1FD4D8340BA4D00E00419677 /* English */,
			);
			name = Preferences.nib;
			sourceTree = "<group>";
		};
		1FE965AF0C5D595A00C80B59 /* PrefSetNew.nib */ = {
			isa = PBXVariantGroup;
			children = (
				1FE965B00C5D595A00C80B59 /* English */,
			);
			name = PrefSetNew.nib;
			sourceTree = "<group>";
		};
		1FFC7DC60C5C095F004B8A2F /* PrefSetHotKey.nib */ = {
			isa = PBXVariantGroup;
			children = (
				1FFC7DC70C5C095F004B8A2F /* English */,
			);
			name = PrefSetHotKey.nib;
			sourceTree = "<group>";
		};
		29B97318FDCFA39411CA2CEA /* MainMenu.nib */ = {
			isa = PBXVariantGroup;
			children = (
				29B97319FDCFA39411CA2CEA /* English */,
			);
			name = MainMenu.nib;
			sourceTree = "<group>";
		};
/* End PBXVariantGroup section */

/* Begin XCBuildConfiguration section */
		1F39B78E0C61A595004CE068 /* Release_Universal */ = {
			isa = XCBuildConfiguration;
			buildSettings = {
				GCC_GENERATE_DEBUGGING_SYMBOLS = NO;
				GCC_MODEL_TUNING = G5;
				INFOPLIST_FILE = Info.plist;
				INSTALL_PATH = "$(HOME)/Applications";
				PRODUCT_NAME = LDView;
				STRIP_INSTALLED_PRODUCT = YES;
				WRAPPER_EXTENSION = app;
			};
			name = Release_Universal;
		};
		1F39B78F0C61A595004CE068 /* Release_Universal */ = {
			isa = XCBuildConfiguration;
			buildSettings = {
				ARCHS = (
					ppc,
					i386,
				);
				DEAD_CODE_STRIPPING = YES;
				DEPLOYMENT_POSTPROCESSING = YES;
				GCC_PREPROCESSOR_DEFINITIONS = COCOA;
				GCC_WARN_ABOUT_RETURN_TYPE = YES;
				GCC_WARN_UNUSED_VARIABLE = YES;
				HEADER_SEARCH_PATHS = (
					../../boost/include,
					"$(HEADER_SEARCH_PATHS)",
					../..,
				);
				LIBRARY_SEARCH_PATHS = (
					../../boost/lib,
					/usr/local/lib,
					"../TCFoundation/build/$(CONFIGURATION)",
					"../LDLoader/build/$(CONFIGURATION)",
					"../TRE/build/$(CONFIGURATION)",
					"../LDLib/build/$(CONFIGURATION)",
					"$(LIBRARY_SEARCH_PATHS)",
				);
				OTHER_LDFLAGS = (
					"-lz",
					"-lpng12u",
					"-ljpeg",
					"-lboost_thread-mt",
					"$(OTHER_LDFLAGS)",
				);
				PREBINDING = NO;
				PRESERVE_DEAD_CODE_INITS_AND_TERMS = YES;
				SDKROOT = /Developer/SDKs/MacOSX10.4u.sdk;
				SEPARATE_STRIP = YES;
			};
			name = Release_Universal;
		};
		C01FCF4B08A954540054247B /* Debug */ = {
			isa = XCBuildConfiguration;
			buildSettings = {
				COPY_PHASE_STRIP = NO;
				GCC_DYNAMIC_NO_PIC = NO;
				GCC_ENABLE_FIX_AND_CONTINUE = YES;
				GCC_MODEL_TUNING = G5;
				GCC_OPTIMIZATION_LEVEL = 0;
				INFOPLIST_FILE = Info.plist;
				INSTALL_PATH = "$(HOME)/Applications";
				PRODUCT_NAME = LDView;
				WRAPPER_EXTENSION = app;
				ZERO_LINK = YES;
			};
			name = Debug;
		};
		C01FCF4C08A954540054247B /* Release */ = {
			isa = XCBuildConfiguration;
			buildSettings = {
				GCC_GENERATE_DEBUGGING_SYMBOLS = NO;
				GCC_MODEL_TUNING = G5;
				INFOPLIST_FILE = Info.plist;
				INSTALL_PATH = "$(HOME)/Applications";
				PRODUCT_NAME = LDView;
				STRIP_INSTALLED_PRODUCT = YES;
				WRAPPER_EXTENSION = app;
			};
			name = Release;
		};
		C01FCF4F08A954540054247B /* Debug */ = {
			isa = XCBuildConfiguration;
			buildSettings = {
				GCC_PREPROCESSOR_DEFINITIONS = COCOA;
				GCC_WARN_ABOUT_RETURN_TYPE = YES;
				GCC_WARN_UNUSED_VARIABLE = YES;
				HEADER_SEARCH_PATHS = (
					../../boost/include,
					"$(HEADER_SEARCH_PATHS)",
					../..,
				);
				LIBRARY_SEARCH_PATHS = (
					../../boost/lib,
					/usr/local/lib,
					"../TCFoundation/build/$(CONFIGURATION)",
					"../LDLoader/build/$(CONFIGURATION)",
					"../TRE/build/$(CONFIGURATION)",
					"../LDLib/build/$(CONFIGURATION)",
					"$(LIBRARY_SEARCH_PATHS)",
				);
				OTHER_LDFLAGS = (
					"-lz",
					"-lpng12u",
					"-ljpeg",
					"-lboost_thread-mt",
					"$(OTHER_LDFLAGS)",
				);
				PREBINDING = NO;
				SDKROOT = /Developer/SDKs/MacOSX10.4u.sdk;
			};
			name = Debug;
		};
		C01FCF5008A954540054247B /* Release */ = {
			isa = XCBuildConfiguration;
			buildSettings = {
				DEAD_CODE_STRIPPING = YES;
				DEPLOYMENT_POSTPROCESSING = YES;
				GCC_PREPROCESSOR_DEFINITIONS = COCOA;
				GCC_WARN_ABOUT_RETURN_TYPE = YES;
				GCC_WARN_UNUSED_VARIABLE = YES;
				HEADER_SEARCH_PATHS = (
					../../boost/include,
					"$(HEADER_SEARCH_PATHS)",
					../..,
				);
				LIBRARY_SEARCH_PATHS = (
					../../boost/lib,
					/usr/local/lib,
					"../TCFoundation/build/$(CONFIGURATION)",
					"../LDLoader/build/$(CONFIGURATION)",
					"../TRE/build/$(CONFIGURATION)",
					"../LDLib/build/$(CONFIGURATION)",
					"$(LIBRARY_SEARCH_PATHS)",
				);
				OTHER_LDFLAGS = (
					"-lz",
					"-lpng12u",
					"-ljpeg",
					"-lboost_thread-mt",
					"$(OTHER_LDFLAGS)",
				);
				PREBINDING = NO;
				PRESERVE_DEAD_CODE_INITS_AND_TERMS = YES;
				SDKROOT = /Developer/SDKs/MacOSX10.4u.sdk;
				SEPARATE_STRIP = YES;
			};
			name = Release;
		};
/* End XCBuildConfiguration section */

/* Begin XCConfigurationList section */
		C01FCF4A08A954540054247B /* Build configuration list for PBXNativeTarget "LDView" */ = {
			isa = XCConfigurationList;
			buildConfigurations = (
				C01FCF4B08A954540054247B /* Debug */,
				C01FCF4C08A954540054247B /* Release */,
				1F39B78E0C61A595004CE068 /* Release_Universal */,
			);
			defaultConfigurationIsVisible = 0;
			defaultConfigurationName = Release;
		};
		C01FCF4E08A954540054247B /* Build configuration list for PBXProject "LDView" */ = {
			isa = XCConfigurationList;
			buildConfigurations = (
				C01FCF4F08A954540054247B /* Debug */,
				C01FCF5008A954540054247B /* Release */,
				1F39B78F0C61A595004CE068 /* Release_Universal */,
			);
			defaultConfigurationIsVisible = 0;
			defaultConfigurationName = Release;
		};
/* End XCConfigurationList section */
	};
	rootObject = 29B97313FDCFA39411CA2CEA /* Project object */;
}
