<?xml version="1.0" encoding="utf-8"?>
<Project ToolsVersion="4.0" xmlns="http://schemas.microsoft.com/developer/msbuild/2003">
  <ItemGroup>
    <Filter Include="Source Files">
      <UniqueIdentifier>{3c1c556f-05fd-4164-bdce-f295f5a35dea}</UniqueIdentifier>
      <Extensions>cpp;c;cxx;rc;def;r;odl;idl;hpj;bat</Extensions>
    </Filter>
    <Filter Include="Header Files">
      <UniqueIdentifier>{9e069861-b0c4-4ff1-8f2d-df9141e21322}</UniqueIdentifier>
      <Extensions>h;hpp;hxx;hm;inl</Extensions>
    </Filter>
  </ItemGroup>
  <ItemGroup>
    <ClCompile Include="CUIColorButton.cpp">
      <Filter>Source Files</Filter>
    </ClCompile>
    <ClCompile Include="CUIDialog.cpp">
      <Filter>Source Files</Filter>
    </ClCompile>
    <ClCompile Include="CUIOGLWindow.cpp">
      <Filter>Source Files</Filter>
    </ClCompile>
    <ClCompile Include="CUIPropertySheet.cpp">
      <Filter>Source Files</Filter>
    </ClCompile>
    <ClCompile Include="CUISubWindowInfo.cpp">
      <Filter>Source Files</Filter>
    </ClCompile>
    <ClCompile Include="CUIThemes.cpp">
      <Filter>Source Files</Filter>
    </ClCompile>
    <ClCompile Include="CUIWindow.cpp">
      <Filter>Source Files</Filter>
    </ClCompile>
    <ClCompile Include="CUIWindowResizer.cpp">
      <Filter>Source Files</Filter>
    </ClCompile>
    <ClCompile Include="CUIScaler.cpp">
      <Filter>Source Files</Filter>
    </ClCompile>
  </ItemGroup>
  <ItemGroup>
    <ClInclude Include="CUIColorButton.h">
      <Filter>Header Files</Filter>
    </ClInclude>
    <ClInclude Include="CUIDefines.h">
      <Filter>Header Files</Filter>
    </ClInclude>
    <ClInclude Include="CUIDialog.h">
      <Filter>Header Files</Filter>
    </ClInclude>
    <ClInclude Include="CUIOGLWindow.h">
      <Filter>Header Files</Filter>
    </ClInclude>
    <ClInclude Include="CUIPropertySheet.h">
      <Filter>Header Files</Filter>
    </ClInclude>
    <ClInclude Include="CUISubWindowInfo.h">
      <Filter>Header Files</Filter>
    </ClInclude>
    <ClInclude Include="CUIThemes.h">
      <Filter>Header Files</Filter>
    </ClInclude>
    <ClInclude Include="CUIWindow.h">
      <Filter>Header Files</Filter>
    </ClInclude>
    <ClInclude Include="CUIWindowResizer.h">
      <Filter>Header Files</Filter>
    </ClInclude>
    <ClInclude Include="CUIModuleHolder.h">
      <Filter>Header Files</Filter>
    </ClInclude>
    <ClInclude Include="CUIScaler.h">
      <Filter>Header Files</Filter>
    </ClInclude>
  </ItemGroup>
</Project>